// !$*UTF8*$!
{
	archiveVersion = 1;
	classes = {
	};
	objectVersion = 56;
	objects = {

/* Begin PBXBuildFile section */
		15FD839E7FB29E48923BD02A /* Pods_MindboxNotificationContentExtension.framework in Frameworks */ = {isa = PBXBuildFile; fileRef = 41CD6A5E5E1355BFB2C97474 /* Pods_MindboxNotificationContentExtension.framework */; };
		3F8BA80FD3B318141FBBED1F /* Pods_ExampleApp.framework in Frameworks */ = {isa = PBXBuildFile; fileRef = 80ADE3A288769725B42EA6DA /* Pods_ExampleApp.framework */; };
		BB29AF282BA99DD900005FEC /* Extensions.swift in Sources */ = {isa = PBXBuildFile; fileRef = BB29AF272BA99DD900005FEC /* Extensions.swift */; };
		BB29AF2A2BA99E9C00005FEC /* AppConstants.swift in Sources */ = {isa = PBXBuildFile; fileRef = BB29AF292BA99E9C00005FEC /* AppConstants.swift */; };
		BB29AF2D2BA9A31100005FEC /* ButtonFactory.swift in Sources */ = {isa = PBXBuildFile; fileRef = BB29AF2C2BA9A31100005FEC /* ButtonFactory.swift */; };
		BB30CBFE2B9EFFED0068E7EE /* AppDelegate.swift in Sources */ = {isa = PBXBuildFile; fileRef = BB30CBFD2B9EFFED0068E7EE /* AppDelegate.swift */; };
		BB30CC002B9EFFED0068E7EE /* SceneDelegate.swift in Sources */ = {isa = PBXBuildFile; fileRef = BB30CBFF2B9EFFED0068E7EE /* SceneDelegate.swift */; };
		BB30CC022B9EFFED0068E7EE /* ViewController.swift in Sources */ = {isa = PBXBuildFile; fileRef = BB30CC012B9EFFED0068E7EE /* ViewController.swift */; };
		BB30CC072B9EFFEE0068E7EE /* Assets.xcassets in Resources */ = {isa = PBXBuildFile; fileRef = BB30CC062B9EFFEE0068E7EE /* Assets.xcassets */; };
		BB44C5882BA231F1004FD9A1 /* NotificationService.swift in Sources */ = {isa = PBXBuildFile; fileRef = BB44C5872BA231F1004FD9A1 /* NotificationService.swift */; };
		BB44C58C2BA231F1004FD9A1 /* MindboxNotificationServiceExtension.appex in Embed Foundation Extensions */ = {isa = PBXBuildFile; fileRef = BB44C5852BA231F1004FD9A1 /* MindboxNotificationServiceExtension.appex */; settings = {ATTRIBUTES = (RemoveHeadersOnCopy, ); }; };
		BB8460DE2BA493BE0062F16D /* LaunchScreen.storyboard in Resources */ = {isa = PBXBuildFile; fileRef = BB8460DD2BA493BE0062F16D /* LaunchScreen.storyboard */; };
		BBCCF8472BA09108009A6037 /* WebViewController.swift in Sources */ = {isa = PBXBuildFile; fileRef = BBCCF8462BA09108009A6037 /* WebViewController.swift */; };
		BBCCF8492BA0A75B009A6037 /* Router.swift in Sources */ = {isa = PBXBuildFile; fileRef = BBCCF8482BA0A75B009A6037 /* Router.swift */; };
		BBF978AF2BA23CD500A2BC09 /* UserNotifications.framework in Frameworks */ = {isa = PBXBuildFile; fileRef = BBF978AE2BA23CD500A2BC09 /* UserNotifications.framework */; };
		BBF978B12BA23CD500A2BC09 /* UserNotificationsUI.framework in Frameworks */ = {isa = PBXBuildFile; fileRef = BBF978B02BA23CD500A2BC09 /* UserNotificationsUI.framework */; };
		BBF978B42BA23CD500A2BC09 /* NotificationViewController.swift in Sources */ = {isa = PBXBuildFile; fileRef = BBF978B32BA23CD500A2BC09 /* NotificationViewController.swift */; };
		BBF978BB2BA23CD500A2BC09 /* MindboxNotificationContentExtension.appex in Embed Foundation Extensions */ = {isa = PBXBuildFile; fileRef = BBF978AD2BA23CD500A2BC09 /* MindboxNotificationContentExtension.appex */; settings = {ATTRIBUTES = (RemoveHeadersOnCopy, ); }; };
		CAE42912555B9E1760CD8713 /* Pods_MindboxNotificationServiceExtension.framework in Frameworks */ = {isa = PBXBuildFile; fileRef = B4C7F7D99C4F327325940863 /* Pods_MindboxNotificationServiceExtension.framework */; };
/* End PBXBuildFile section */

/* Begin PBXContainerItemProxy section */
		BB44C58A2BA231F1004FD9A1 /* PBXContainerItemProxy */ = {
			isa = PBXContainerItemProxy;
			containerPortal = BB30CBF22B9EFFED0068E7EE /* Project object */;
			proxyType = 1;
			remoteGlobalIDString = BB44C5842BA231F1004FD9A1;
			remoteInfo = MindboxNotificationServiceExtension;
		};
		BBF978B92BA23CD500A2BC09 /* PBXContainerItemProxy */ = {
			isa = PBXContainerItemProxy;
			containerPortal = BB30CBF22B9EFFED0068E7EE /* Project object */;
			proxyType = 1;
			remoteGlobalIDString = BBF978AC2BA23CD500A2BC09;
			remoteInfo = MindboxNotificationContentExtension;
		};
/* End PBXContainerItemProxy section */

/* Begin PBXCopyFilesBuildPhase section */
		BB44C58D2BA231F1004FD9A1 /* Embed Foundation Extensions */ = {
			isa = PBXCopyFilesBuildPhase;
			buildActionMask = 12;
			dstPath = "";
			dstSubfolderSpec = 13;
			files = (
				BB44C58C2BA231F1004FD9A1 /* MindboxNotificationServiceExtension.appex in Embed Foundation Extensions */,
				BBF978BB2BA23CD500A2BC09 /* MindboxNotificationContentExtension.appex in Embed Foundation Extensions */,
			);
			name = "Embed Foundation Extensions";
			runOnlyForDeploymentPostprocessing = 0;
		};
/* End PBXCopyFilesBuildPhase section */

/* Begin PBXFileReference section */
		00B63D81AB9324C4CEBC239F /* Pods-MindboxNotificationContentExtension.release.xcconfig */ = {isa = PBXFileReference; includeInIndex = 1; lastKnownFileType = text.xcconfig; name = "Pods-MindboxNotificationContentExtension.release.xcconfig"; path = "Target Support Files/Pods-MindboxNotificationContentExtension/Pods-MindboxNotificationContentExtension.release.xcconfig"; sourceTree = "<group>"; };
		1C88DCC67B821BCAC4F6C6C6 /* Pods-ExampleApp.release.xcconfig */ = {isa = PBXFileReference; includeInIndex = 1; lastKnownFileType = text.xcconfig; name = "Pods-ExampleApp.release.xcconfig"; path = "Target Support Files/Pods-ExampleApp/Pods-ExampleApp.release.xcconfig"; sourceTree = "<group>"; };
		3334A7FB40477F10B892D94B /* Pods-ExampleApp.debug.xcconfig */ = {isa = PBXFileReference; includeInIndex = 1; lastKnownFileType = text.xcconfig; name = "Pods-ExampleApp.debug.xcconfig"; path = "Target Support Files/Pods-ExampleApp/Pods-ExampleApp.debug.xcconfig"; sourceTree = "<group>"; };
		41CD6A5E5E1355BFB2C97474 /* Pods_MindboxNotificationContentExtension.framework */ = {isa = PBXFileReference; explicitFileType = wrapper.framework; includeInIndex = 0; path = Pods_MindboxNotificationContentExtension.framework; sourceTree = BUILT_PRODUCTS_DIR; };
		698B49E283FBCD9FC48DCF62 /* Pods-MindboxNotificationServiceExtension.release.xcconfig */ = {isa = PBXFileReference; includeInIndex = 1; lastKnownFileType = text.xcconfig; name = "Pods-MindboxNotificationServiceExtension.release.xcconfig"; path = "Target Support Files/Pods-MindboxNotificationServiceExtension/Pods-MindboxNotificationServiceExtension.release.xcconfig"; sourceTree = "<group>"; };
		80ADE3A288769725B42EA6DA /* Pods_ExampleApp.framework */ = {isa = PBXFileReference; explicitFileType = wrapper.framework; includeInIndex = 0; path = Pods_ExampleApp.framework; sourceTree = BUILT_PRODUCTS_DIR; };
		9BE3FCC82B2A473E0ADDC517 /* Pods-MindboxNotificationContentExtension.debug.xcconfig */ = {isa = PBXFileReference; includeInIndex = 1; lastKnownFileType = text.xcconfig; name = "Pods-MindboxNotificationContentExtension.debug.xcconfig"; path = "Target Support Files/Pods-MindboxNotificationContentExtension/Pods-MindboxNotificationContentExtension.debug.xcconfig"; sourceTree = "<group>"; };
		B1FA330BB7DD7C6BABF5E93E /* Pods-MindboxNotificationServiceExtension.debug.xcconfig */ = {isa = PBXFileReference; includeInIndex = 1; lastKnownFileType = text.xcconfig; name = "Pods-MindboxNotificationServiceExtension.debug.xcconfig"; path = "Target Support Files/Pods-MindboxNotificationServiceExtension/Pods-MindboxNotificationServiceExtension.debug.xcconfig"; sourceTree = "<group>"; };
		B4C7F7D99C4F327325940863 /* Pods_MindboxNotificationServiceExtension.framework */ = {isa = PBXFileReference; explicitFileType = wrapper.framework; includeInIndex = 0; path = Pods_MindboxNotificationServiceExtension.framework; sourceTree = BUILT_PRODUCTS_DIR; };
		BB253A202B9F06DA0042446C /* ExampleApp.entitlements */ = {isa = PBXFileReference; lastKnownFileType = text.plist.entitlements; path = ExampleApp.entitlements; sourceTree = "<group>"; };
		BB29AF272BA99DD900005FEC /* Extensions.swift */ = {isa = PBXFileReference; lastKnownFileType = sourcecode.swift; path = Extensions.swift; sourceTree = "<group>"; };
		BB29AF292BA99E9C00005FEC /* AppConstants.swift */ = {isa = PBXFileReference; lastKnownFileType = sourcecode.swift; path = AppConstants.swift; sourceTree = "<group>"; };
		BB29AF2C2BA9A31100005FEC /* ButtonFactory.swift */ = {isa = PBXFileReference; lastKnownFileType = sourcecode.swift; path = ButtonFactory.swift; sourceTree = "<group>"; };
		BB30CBFA2B9EFFED0068E7EE /* ExampleApp.app */ = {isa = PBXFileReference; explicitFileType = wrapper.application; includeInIndex = 0; path = ExampleApp.app; sourceTree = BUILT_PRODUCTS_DIR; };
		BB30CBFD2B9EFFED0068E7EE /* AppDelegate.swift */ = {isa = PBXFileReference; lastKnownFileType = sourcecode.swift; path = AppDelegate.swift; sourceTree = "<group>"; };
		BB30CBFF2B9EFFED0068E7EE /* SceneDelegate.swift */ = {isa = PBXFileReference; lastKnownFileType = sourcecode.swift; path = SceneDelegate.swift; sourceTree = "<group>"; };
		BB30CC012B9EFFED0068E7EE /* ViewController.swift */ = {isa = PBXFileReference; lastKnownFileType = sourcecode.swift; path = ViewController.swift; sourceTree = "<group>"; };
		BB30CC062B9EFFEE0068E7EE /* Assets.xcassets */ = {isa = PBXFileReference; lastKnownFileType = folder.assetcatalog; path = Assets.xcassets; sourceTree = "<group>"; };
		BB30CC0B2B9EFFEE0068E7EE /* Info.plist */ = {isa = PBXFileReference; lastKnownFileType = text.plist.xml; path = Info.plist; sourceTree = "<group>"; };
		BB44C5852BA231F1004FD9A1 /* MindboxNotificationServiceExtension.appex */ = {isa = PBXFileReference; explicitFileType = "wrapper.app-extension"; includeInIndex = 0; path = MindboxNotificationServiceExtension.appex; sourceTree = BUILT_PRODUCTS_DIR; };
		BB44C5872BA231F1004FD9A1 /* NotificationService.swift */ = {isa = PBXFileReference; lastKnownFileType = sourcecode.swift; path = NotificationService.swift; sourceTree = "<group>"; };
		BB44C5892BA231F1004FD9A1 /* Info.plist */ = {isa = PBXFileReference; lastKnownFileType = text.plist.xml; path = Info.plist; sourceTree = "<group>"; };
		BB8460DD2BA493BE0062F16D /* LaunchScreen.storyboard */ = {isa = PBXFileReference; lastKnownFileType = file.storyboard; path = LaunchScreen.storyboard; sourceTree = "<group>"; };
		BBA0EA1B2B9F71F600A46841 /* README.md */ = {isa = PBXFileReference; lastKnownFileType = net.daringfireball.markdown; path = README.md; sourceTree = "<group>"; };
		BBCCF8462BA09108009A6037 /* WebViewController.swift */ = {isa = PBXFileReference; lastKnownFileType = sourcecode.swift; path = WebViewController.swift; sourceTree = "<group>"; };
		BBCCF8482BA0A75B009A6037 /* Router.swift */ = {isa = PBXFileReference; lastKnownFileType = sourcecode.swift; path = Router.swift; sourceTree = "<group>"; };
		BBF978A82BA2396800A2BC09 /* MindboxNotificationServiceExtension.entitlements */ = {isa = PBXFileReference; lastKnownFileType = text.plist.entitlements; path = MindboxNotificationServiceExtension.entitlements; sourceTree = "<group>"; };
		BBF978AD2BA23CD500A2BC09 /* MindboxNotificationContentExtension.appex */ = {isa = PBXFileReference; explicitFileType = "wrapper.app-extension"; includeInIndex = 0; path = MindboxNotificationContentExtension.appex; sourceTree = BUILT_PRODUCTS_DIR; };
		BBF978AE2BA23CD500A2BC09 /* UserNotifications.framework */ = {isa = PBXFileReference; lastKnownFileType = wrapper.framework; name = UserNotifications.framework; path = System/Library/Frameworks/UserNotifications.framework; sourceTree = SDKROOT; };
		BBF978B02BA23CD500A2BC09 /* UserNotificationsUI.framework */ = {isa = PBXFileReference; lastKnownFileType = wrapper.framework; name = UserNotificationsUI.framework; path = System/Library/Frameworks/UserNotificationsUI.framework; sourceTree = SDKROOT; };
		BBF978B32BA23CD500A2BC09 /* NotificationViewController.swift */ = {isa = PBXFileReference; lastKnownFileType = sourcecode.swift; path = NotificationViewController.swift; sourceTree = "<group>"; };
		BBF978B82BA23CD500A2BC09 /* Info.plist */ = {isa = PBXFileReference; lastKnownFileType = text.plist.xml; path = Info.plist; sourceTree = "<group>"; };
		BBF978BF2BA23DD400A2BC09 /* MindboxNotificationContentExtension.entitlements */ = {isa = PBXFileReference; lastKnownFileType = text.plist.entitlements; path = MindboxNotificationContentExtension.entitlements; sourceTree = "<group>"; };
/* End PBXFileReference section */

/* Begin PBXFrameworksBuildPhase section */
		BB30CBF72B9EFFED0068E7EE /* Frameworks */ = {
			isa = PBXFrameworksBuildPhase;
			buildActionMask = 2147483647;
			files = (
				3F8BA80FD3B318141FBBED1F /* Pods_ExampleApp.framework in Frameworks */,
			);
			runOnlyForDeploymentPostprocessing = 0;
		};
		BB44C5822BA231F1004FD9A1 /* Frameworks */ = {
			isa = PBXFrameworksBuildPhase;
			buildActionMask = 2147483647;
			files = (
				CAE42912555B9E1760CD8713 /* Pods_MindboxNotificationServiceExtension.framework in Frameworks */,
			);
			runOnlyForDeploymentPostprocessing = 0;
		};
		BBF978AA2BA23CD500A2BC09 /* Frameworks */ = {
			isa = PBXFrameworksBuildPhase;
			buildActionMask = 2147483647;
			files = (
				BBF978B12BA23CD500A2BC09 /* UserNotificationsUI.framework in Frameworks */,
				BBF978AF2BA23CD500A2BC09 /* UserNotifications.framework in Frameworks */,
				15FD839E7FB29E48923BD02A /* Pods_MindboxNotificationContentExtension.framework in Frameworks */,
			);
			runOnlyForDeploymentPostprocessing = 0;
		};
/* End PBXFrameworksBuildPhase section */

/* Begin PBXGroup section */
		07E6BAE1E722A929899D6AB9 /* Pods */ = {
			isa = PBXGroup;
			children = (
				3334A7FB40477F10B892D94B /* Pods-ExampleApp.debug.xcconfig */,
				1C88DCC67B821BCAC4F6C6C6 /* Pods-ExampleApp.release.xcconfig */,
				B1FA330BB7DD7C6BABF5E93E /* Pods-MindboxNotificationServiceExtension.debug.xcconfig */,
				698B49E283FBCD9FC48DCF62 /* Pods-MindboxNotificationServiceExtension.release.xcconfig */,
				9BE3FCC82B2A473E0ADDC517 /* Pods-MindboxNotificationContentExtension.debug.xcconfig */,
				00B63D81AB9324C4CEBC239F /* Pods-MindboxNotificationContentExtension.release.xcconfig */,
			);
			path = Pods;
			sourceTree = "<group>";
		};
		BB30CBF12B9EFFED0068E7EE = {
			isa = PBXGroup;
			children = (
				BBA0EA1B2B9F71F600A46841 /* README.md */,
				BB30CBFC2B9EFFED0068E7EE /* ExampleApp */,
				BB44C5862BA231F1004FD9A1 /* MindboxNotificationServiceExtension */,
				BBF978B22BA23CD500A2BC09 /* MindboxNotificationContentExtension */,
				BB30CBFB2B9EFFED0068E7EE /* Products */,
				07E6BAE1E722A929899D6AB9 /* Pods */,
				EB0B42FE6BAF3DFEE928C692 /* Frameworks */,
			);
			sourceTree = "<group>";
		};
		BB30CBFB2B9EFFED0068E7EE /* Products */ = {
			isa = PBXGroup;
			children = (
				BB30CBFA2B9EFFED0068E7EE /* ExampleApp.app */,
				BB44C5852BA231F1004FD9A1 /* MindboxNotificationServiceExtension.appex */,
				BBF978AD2BA23CD500A2BC09 /* MindboxNotificationContentExtension.appex */,
			);
			name = Products;
			sourceTree = "<group>";
		};
		BB30CBFC2B9EFFED0068E7EE /* ExampleApp */ = {
			isa = PBXGroup;
			children = (
				BB30CC122B9F001B0068E7EE /* Application */,
				BB30CC112B9F00130068E7EE /* Resources */,
				BBECB4A22BA1A2C900B78428 /* Core */,
			);
			path = ExampleApp;
			sourceTree = "<group>";
		};
		BB30CC112B9F00130068E7EE /* Resources */ = {
			isa = PBXGroup;
			children = (
				BB29AF292BA99E9C00005FEC /* AppConstants.swift */,
				BB29AF272BA99DD900005FEC /* Extensions.swift */,
				BB253A202B9F06DA0042446C /* ExampleApp.entitlements */,
				BB30CC062B9EFFEE0068E7EE /* Assets.xcassets */,
				BB8460DD2BA493BE0062F16D /* LaunchScreen.storyboard */,
				BB30CC0B2B9EFFEE0068E7EE /* Info.plist */,
			);
			path = Resources;
			sourceTree = "<group>";
		};
		BB30CC122B9F001B0068E7EE /* Application */ = {
			isa = PBXGroup;
			children = (
				BB30CBFD2B9EFFED0068E7EE /* AppDelegate.swift */,
				BB30CBFF2B9EFFED0068E7EE /* SceneDelegate.swift */,
			);
			path = Application;
			sourceTree = "<group>";
		};
		BB44C5862BA231F1004FD9A1 /* MindboxNotificationServiceExtension */ = {
			isa = PBXGroup;
			children = (
				BBF978A82BA2396800A2BC09 /* MindboxNotificationServiceExtension.entitlements */,
				BB44C5872BA231F1004FD9A1 /* NotificationService.swift */,
				BB44C5892BA231F1004FD9A1 /* Info.plist */,
			);
			path = MindboxNotificationServiceExtension;
			sourceTree = "<group>";
		};
		BBECB4A22BA1A2C900B78428 /* Core */ = {
			isa = PBXGroup;
			children = (
				BB30CC012B9EFFED0068E7EE /* ViewController.swift */,
				BBCCF8462BA09108009A6037 /* WebViewController.swift */,
				BBCCF8482BA0A75B009A6037 /* Router.swift */,
				BB29AF2C2BA9A31100005FEC /* ButtonFactory.swift */,
			);
			path = Core;
			sourceTree = "<group>";
		};
		BBF978B22BA23CD500A2BC09 /* MindboxNotificationContentExtension */ = {
			isa = PBXGroup;
			children = (
				BBF978BF2BA23DD400A2BC09 /* MindboxNotificationContentExtension.entitlements */,
				BBF978B32BA23CD500A2BC09 /* NotificationViewController.swift */,
				BBF978B82BA23CD500A2BC09 /* Info.plist */,
			);
			path = MindboxNotificationContentExtension;
			sourceTree = "<group>";
		};
		EB0B42FE6BAF3DFEE928C692 /* Frameworks */ = {
			isa = PBXGroup;
			children = (
				80ADE3A288769725B42EA6DA /* Pods_ExampleApp.framework */,
				B4C7F7D99C4F327325940863 /* Pods_MindboxNotificationServiceExtension.framework */,
				BBF978AE2BA23CD500A2BC09 /* UserNotifications.framework */,
				BBF978B02BA23CD500A2BC09 /* UserNotificationsUI.framework */,
				41CD6A5E5E1355BFB2C97474 /* Pods_MindboxNotificationContentExtension.framework */,
			);
			name = Frameworks;
			sourceTree = "<group>";
		};
/* End PBXGroup section */

/* Begin PBXNativeTarget section */
		BB30CBF92B9EFFED0068E7EE /* ExampleApp */ = {
			isa = PBXNativeTarget;
			buildConfigurationList = BB30CC0E2B9EFFEE0068E7EE /* Build configuration list for PBXNativeTarget "ExampleApp" */;
			buildPhases = (
				996F7052102B6ED7116B1498 /* [CP] Check Pods Manifest.lock */,
				BB30CBF62B9EFFED0068E7EE /* Sources */,
				BB30CBF72B9EFFED0068E7EE /* Frameworks */,
				BB30CBF82B9EFFED0068E7EE /* Resources */,
				33A6F5173B308E1729379BDB /* [CP] Embed Pods Frameworks */,
				BB44C58D2BA231F1004FD9A1 /* Embed Foundation Extensions */,
			);
			buildRules = (
			);
			dependencies = (
				BB44C58B2BA231F1004FD9A1 /* PBXTargetDependency */,
				BBF978BA2BA23CD500A2BC09 /* PBXTargetDependency */,
			);
			name = ExampleApp;
			productName = ExampleApp;
			productReference = BB30CBFA2B9EFFED0068E7EE /* ExampleApp.app */;
			productType = "com.apple.product-type.application";
		};
		BB44C5842BA231F1004FD9A1 /* MindboxNotificationServiceExtension */ = {
			isa = PBXNativeTarget;
			buildConfigurationList = BB44C5902BA231F1004FD9A1 /* Build configuration list for PBXNativeTarget "MindboxNotificationServiceExtension" */;
			buildPhases = (
				00BFA2216164BFAF34EF68DD /* [CP] Check Pods Manifest.lock */,
				BB44C5812BA231F1004FD9A1 /* Sources */,
				BB44C5822BA231F1004FD9A1 /* Frameworks */,
				BB44C5832BA231F1004FD9A1 /* Resources */,
			);
			buildRules = (
			);
			dependencies = (
			);
			name = MindboxNotificationServiceExtension;
			productName = MindboxNotificationServiceExtension;
			productReference = BB44C5852BA231F1004FD9A1 /* MindboxNotificationServiceExtension.appex */;
			productType = "com.apple.product-type.app-extension";
		};
		BBF978AC2BA23CD500A2BC09 /* MindboxNotificationContentExtension */ = {
			isa = PBXNativeTarget;
			buildConfigurationList = BBF978BC2BA23CD500A2BC09 /* Build configuration list for PBXNativeTarget "MindboxNotificationContentExtension" */;
			buildPhases = (
				D71384574AEA6CCF883131E8 /* [CP] Check Pods Manifest.lock */,
				BBF978A92BA23CD500A2BC09 /* Sources */,
				BBF978AA2BA23CD500A2BC09 /* Frameworks */,
				BBF978AB2BA23CD500A2BC09 /* Resources */,
			);
			buildRules = (
			);
			dependencies = (
			);
			name = MindboxNotificationContentExtension;
			productName = MindboxNotificationContentExtension;
			productReference = BBF978AD2BA23CD500A2BC09 /* MindboxNotificationContentExtension.appex */;
			productType = "com.apple.product-type.app-extension";
		};
/* End PBXNativeTarget section */

/* Begin PBXProject section */
		BB30CBF22B9EFFED0068E7EE /* Project object */ = {
			isa = PBXProject;
			attributes = {
				BuildIndependentTargetsInParallel = 1;
				LastSwiftUpdateCheck = 1530;
				LastUpgradeCheck = 1530;
				TargetAttributes = {
					BB30CBF92B9EFFED0068E7EE = {
						CreatedOnToolsVersion = 15.3;
					};
					BB44C5842BA231F1004FD9A1 = {
						CreatedOnToolsVersion = 15.3;
					};
					BBF978AC2BA23CD500A2BC09 = {
						CreatedOnToolsVersion = 15.3;
					};
				};
			};
			buildConfigurationList = BB30CBF52B9EFFED0068E7EE /* Build configuration list for PBXProject "ExampleApp" */;
			compatibilityVersion = "Xcode 14.0";
			developmentRegion = en;
			hasScannedForEncodings = 0;
			knownRegions = (
				en,
				Base,
			);
			mainGroup = BB30CBF12B9EFFED0068E7EE;
			productRefGroup = BB30CBFB2B9EFFED0068E7EE /* Products */;
			projectDirPath = "";
			projectRoot = "";
			targets = (
				BB30CBF92B9EFFED0068E7EE /* ExampleApp */,
				BB44C5842BA231F1004FD9A1 /* MindboxNotificationServiceExtension */,
				BBF978AC2BA23CD500A2BC09 /* MindboxNotificationContentExtension */,
			);
		};
/* End PBXProject section */

/* Begin PBXResourcesBuildPhase section */
		BB30CBF82B9EFFED0068E7EE /* Resources */ = {
			isa = PBXResourcesBuildPhase;
			buildActionMask = 2147483647;
			files = (
				BB8460DE2BA493BE0062F16D /* LaunchScreen.storyboard in Resources */,
				BB30CC072B9EFFEE0068E7EE /* Assets.xcassets in Resources */,
			);
			runOnlyForDeploymentPostprocessing = 0;
		};
		BB44C5832BA231F1004FD9A1 /* Resources */ = {
			isa = PBXResourcesBuildPhase;
			buildActionMask = 2147483647;
			files = (
			);
			runOnlyForDeploymentPostprocessing = 0;
		};
		BBF978AB2BA23CD500A2BC09 /* Resources */ = {
			isa = PBXResourcesBuildPhase;
			buildActionMask = 2147483647;
			files = (
			);
			runOnlyForDeploymentPostprocessing = 0;
		};
/* End PBXResourcesBuildPhase section */

/* Begin PBXShellScriptBuildPhase section */
		00BFA2216164BFAF34EF68DD /* [CP] Check Pods Manifest.lock */ = {
			isa = PBXShellScriptBuildPhase;
			buildActionMask = 2147483647;
			files = (
			);
			inputFileListPaths = (
			);
			inputPaths = (
				"${PODS_PODFILE_DIR_PATH}/Podfile.lock",
				"${PODS_ROOT}/Manifest.lock",
			);
			name = "[CP] Check Pods Manifest.lock";
			outputFileListPaths = (
			);
			outputPaths = (
				"$(DERIVED_FILE_DIR)/Pods-MindboxNotificationServiceExtension-checkManifestLockResult.txt",
			);
			runOnlyForDeploymentPostprocessing = 0;
			shellPath = /bin/sh;
			shellScript = "diff \"${PODS_PODFILE_DIR_PATH}/Podfile.lock\" \"${PODS_ROOT}/Manifest.lock\" > /dev/null\nif [ $? != 0 ] ; then\n    # print error to STDERR\n    echo \"error: The sandbox is not in sync with the Podfile.lock. Run 'pod install' or update your CocoaPods installation.\" >&2\n    exit 1\nfi\n# This output is used by Xcode 'outputs' to avoid re-running this script phase.\necho \"SUCCESS\" > \"${SCRIPT_OUTPUT_FILE_0}\"\n";
			showEnvVarsInLog = 0;
		};
		33A6F5173B308E1729379BDB /* [CP] Embed Pods Frameworks */ = {
			isa = PBXShellScriptBuildPhase;
			buildActionMask = 2147483647;
			files = (
			);
			inputFileListPaths = (
				"${PODS_ROOT}/Target Support Files/Pods-ExampleApp/Pods-ExampleApp-frameworks-${CONFIGURATION}-input-files.xcfilelist",
			);
			name = "[CP] Embed Pods Frameworks";
			outputFileListPaths = (
				"${PODS_ROOT}/Target Support Files/Pods-ExampleApp/Pods-ExampleApp-frameworks-${CONFIGURATION}-output-files.xcfilelist",
			);
			runOnlyForDeploymentPostprocessing = 0;
			shellPath = /bin/sh;
			shellScript = "\"${PODS_ROOT}/Target Support Files/Pods-ExampleApp/Pods-ExampleApp-frameworks.sh\"\n";
			showEnvVarsInLog = 0;
		};
		996F7052102B6ED7116B1498 /* [CP] Check Pods Manifest.lock */ = {
			isa = PBXShellScriptBuildPhase;
			buildActionMask = 2147483647;
			files = (
			);
			inputFileListPaths = (
			);
			inputPaths = (
				"${PODS_PODFILE_DIR_PATH}/Podfile.lock",
				"${PODS_ROOT}/Manifest.lock",
			);
			name = "[CP] Check Pods Manifest.lock";
			outputFileListPaths = (
			);
			outputPaths = (
				"$(DERIVED_FILE_DIR)/Pods-ExampleApp-checkManifestLockResult.txt",
			);
			runOnlyForDeploymentPostprocessing = 0;
			shellPath = /bin/sh;
			shellScript = "diff \"${PODS_PODFILE_DIR_PATH}/Podfile.lock\" \"${PODS_ROOT}/Manifest.lock\" > /dev/null\nif [ $? != 0 ] ; then\n    # print error to STDERR\n    echo \"error: The sandbox is not in sync with the Podfile.lock. Run 'pod install' or update your CocoaPods installation.\" >&2\n    exit 1\nfi\n# This output is used by Xcode 'outputs' to avoid re-running this script phase.\necho \"SUCCESS\" > \"${SCRIPT_OUTPUT_FILE_0}\"\n";
			showEnvVarsInLog = 0;
		};
		D71384574AEA6CCF883131E8 /* [CP] Check Pods Manifest.lock */ = {
			isa = PBXShellScriptBuildPhase;
			buildActionMask = 2147483647;
			files = (
			);
			inputFileListPaths = (
			);
			inputPaths = (
				"${PODS_PODFILE_DIR_PATH}/Podfile.lock",
				"${PODS_ROOT}/Manifest.lock",
			);
			name = "[CP] Check Pods Manifest.lock";
			outputFileListPaths = (
			);
			outputPaths = (
				"$(DERIVED_FILE_DIR)/Pods-MindboxNotificationContentExtension-checkManifestLockResult.txt",
			);
			runOnlyForDeploymentPostprocessing = 0;
			shellPath = /bin/sh;
			shellScript = "diff \"${PODS_PODFILE_DIR_PATH}/Podfile.lock\" \"${PODS_ROOT}/Manifest.lock\" > /dev/null\nif [ $? != 0 ] ; then\n    # print error to STDERR\n    echo \"error: The sandbox is not in sync with the Podfile.lock. Run 'pod install' or update your CocoaPods installation.\" >&2\n    exit 1\nfi\n# This output is used by Xcode 'outputs' to avoid re-running this script phase.\necho \"SUCCESS\" > \"${SCRIPT_OUTPUT_FILE_0}\"\n";
			showEnvVarsInLog = 0;
		};
/* End PBXShellScriptBuildPhase section */

/* Begin PBXSourcesBuildPhase section */
		BB30CBF62B9EFFED0068E7EE /* Sources */ = {
			isa = PBXSourcesBuildPhase;
			buildActionMask = 2147483647;
			files = (
				BB30CC022B9EFFED0068E7EE /* ViewController.swift in Sources */,
				BB30CBFE2B9EFFED0068E7EE /* AppDelegate.swift in Sources */,
				BB29AF2D2BA9A31100005FEC /* ButtonFactory.swift in Sources */,
				BBCCF8492BA0A75B009A6037 /* Router.swift in Sources */,
				BB30CC002B9EFFED0068E7EE /* SceneDelegate.swift in Sources */,
				BB29AF2A2BA99E9C00005FEC /* AppConstants.swift in Sources */,
				BB29AF282BA99DD900005FEC /* Extensions.swift in Sources */,
				BBCCF8472BA09108009A6037 /* WebViewController.swift in Sources */,
			);
			runOnlyForDeploymentPostprocessing = 0;
		};
		BB44C5812BA231F1004FD9A1 /* Sources */ = {
			isa = PBXSourcesBuildPhase;
			buildActionMask = 2147483647;
			files = (
				BB44C5882BA231F1004FD9A1 /* NotificationService.swift in Sources */,
			);
			runOnlyForDeploymentPostprocessing = 0;
		};
		BBF978A92BA23CD500A2BC09 /* Sources */ = {
			isa = PBXSourcesBuildPhase;
			buildActionMask = 2147483647;
			files = (
				BBF978B42BA23CD500A2BC09 /* NotificationViewController.swift in Sources */,
			);
			runOnlyForDeploymentPostprocessing = 0;
		};
/* End PBXSourcesBuildPhase section */

/* Begin PBXTargetDependency section */
		BB44C58B2BA231F1004FD9A1 /* PBXTargetDependency */ = {
			isa = PBXTargetDependency;
			target = BB44C5842BA231F1004FD9A1 /* MindboxNotificationServiceExtension */;
			targetProxy = BB44C58A2BA231F1004FD9A1 /* PBXContainerItemProxy */;
		};
		BBF978BA2BA23CD500A2BC09 /* PBXTargetDependency */ = {
			isa = PBXTargetDependency;
			target = BBF978AC2BA23CD500A2BC09 /* MindboxNotificationContentExtension */;
			targetProxy = BBF978B92BA23CD500A2BC09 /* PBXContainerItemProxy */;
		};
/* End PBXTargetDependency section */

/* Begin XCBuildConfiguration section */
		BB30CC0C2B9EFFEE0068E7EE /* Debug */ = {
			isa = XCBuildConfiguration;
			buildSettings = {
				ALWAYS_SEARCH_USER_PATHS = NO;
				ASSETCATALOG_COMPILER_GENERATE_SWIFT_ASSET_SYMBOL_EXTENSIONS = YES;
				CLANG_ANALYZER_NONNULL = YES;
				CLANG_ANALYZER_NUMBER_OBJECT_CONVERSION = YES_AGGRESSIVE;
				CLANG_CXX_LANGUAGE_STANDARD = "gnu++20";
				CLANG_ENABLE_MODULES = YES;
				CLANG_ENABLE_OBJC_ARC = YES;
				CLANG_ENABLE_OBJC_WEAK = YES;
				CLANG_WARN_BLOCK_CAPTURE_AUTORELEASING = YES;
				CLANG_WARN_BOOL_CONVERSION = YES;
				CLANG_WARN_COMMA = YES;
				CLANG_WARN_CONSTANT_CONVERSION = YES;
				CLANG_WARN_DEPRECATED_OBJC_IMPLEMENTATIONS = YES;
				CLANG_WARN_DIRECT_OBJC_ISA_USAGE = YES_ERROR;
				CLANG_WARN_DOCUMENTATION_COMMENTS = YES;
				CLANG_WARN_EMPTY_BODY = YES;
				CLANG_WARN_ENUM_CONVERSION = YES;
				CLANG_WARN_INFINITE_RECURSION = YES;
				CLANG_WARN_INT_CONVERSION = YES;
				CLANG_WARN_NON_LITERAL_NULL_CONVERSION = YES;
				CLANG_WARN_OBJC_IMPLICIT_RETAIN_SELF = YES;
				CLANG_WARN_OBJC_LITERAL_CONVERSION = YES;
				CLANG_WARN_OBJC_ROOT_CLASS = YES_ERROR;
				CLANG_WARN_QUOTED_INCLUDE_IN_FRAMEWORK_HEADER = YES;
				CLANG_WARN_RANGE_LOOP_ANALYSIS = YES;
				CLANG_WARN_STRICT_PROTOTYPES = YES;
				CLANG_WARN_SUSPICIOUS_MOVE = YES;
				CLANG_WARN_UNGUARDED_AVAILABILITY = YES_AGGRESSIVE;
				CLANG_WARN_UNREACHABLE_CODE = YES;
				CLANG_WARN__DUPLICATE_METHOD_MATCH = YES;
				COPY_PHASE_STRIP = NO;
				DEBUG_INFORMATION_FORMAT = dwarf;
				ENABLE_STRICT_OBJC_MSGSEND = YES;
				ENABLE_TESTABILITY = YES;
				ENABLE_USER_SCRIPT_SANDBOXING = YES;
				GCC_C_LANGUAGE_STANDARD = gnu17;
				GCC_DYNAMIC_NO_PIC = NO;
				GCC_NO_COMMON_BLOCKS = YES;
				GCC_OPTIMIZATION_LEVEL = 0;
				GCC_PREPROCESSOR_DEFINITIONS = (
					"DEBUG=1",
					"$(inherited)",
				);
				GCC_WARN_64_TO_32_BIT_CONVERSION = YES;
				GCC_WARN_ABOUT_RETURN_TYPE = YES_ERROR;
				GCC_WARN_UNDECLARED_SELECTOR = YES;
				GCC_WARN_UNINITIALIZED_AUTOS = YES_AGGRESSIVE;
				GCC_WARN_UNUSED_FUNCTION = YES;
				GCC_WARN_UNUSED_VARIABLE = YES;
				IPHONEOS_DEPLOYMENT_TARGET = 17.4;
				LOCALIZATION_PREFERS_STRING_CATALOGS = YES;
				MTL_ENABLE_DEBUG_INFO = INCLUDE_SOURCE;
				MTL_FAST_MATH = YES;
				ONLY_ACTIVE_ARCH = YES;
				SDKROOT = iphoneos;
				SWIFT_ACTIVE_COMPILATION_CONDITIONS = "DEBUG $(inherited)";
				SWIFT_OPTIMIZATION_LEVEL = "-Onone";
			};
			name = Debug;
		};
		BB30CC0D2B9EFFEE0068E7EE /* Release */ = {
			isa = XCBuildConfiguration;
			buildSettings = {
				ALWAYS_SEARCH_USER_PATHS = NO;
				ASSETCATALOG_COMPILER_GENERATE_SWIFT_ASSET_SYMBOL_EXTENSIONS = YES;
				CLANG_ANALYZER_NONNULL = YES;
				CLANG_ANALYZER_NUMBER_OBJECT_CONVERSION = YES_AGGRESSIVE;
				CLANG_CXX_LANGUAGE_STANDARD = "gnu++20";
				CLANG_ENABLE_MODULES = YES;
				CLANG_ENABLE_OBJC_ARC = YES;
				CLANG_ENABLE_OBJC_WEAK = YES;
				CLANG_WARN_BLOCK_CAPTURE_AUTORELEASING = YES;
				CLANG_WARN_BOOL_CONVERSION = YES;
				CLANG_WARN_COMMA = YES;
				CLANG_WARN_CONSTANT_CONVERSION = YES;
				CLANG_WARN_DEPRECATED_OBJC_IMPLEMENTATIONS = YES;
				CLANG_WARN_DIRECT_OBJC_ISA_USAGE = YES_ERROR;
				CLANG_WARN_DOCUMENTATION_COMMENTS = YES;
				CLANG_WARN_EMPTY_BODY = YES;
				CLANG_WARN_ENUM_CONVERSION = YES;
				CLANG_WARN_INFINITE_RECURSION = YES;
				CLANG_WARN_INT_CONVERSION = YES;
				CLANG_WARN_NON_LITERAL_NULL_CONVERSION = YES;
				CLANG_WARN_OBJC_IMPLICIT_RETAIN_SELF = YES;
				CLANG_WARN_OBJC_LITERAL_CONVERSION = YES;
				CLANG_WARN_OBJC_ROOT_CLASS = YES_ERROR;
				CLANG_WARN_QUOTED_INCLUDE_IN_FRAMEWORK_HEADER = YES;
				CLANG_WARN_RANGE_LOOP_ANALYSIS = YES;
				CLANG_WARN_STRICT_PROTOTYPES = YES;
				CLANG_WARN_SUSPICIOUS_MOVE = YES;
				CLANG_WARN_UNGUARDED_AVAILABILITY = YES_AGGRESSIVE;
				CLANG_WARN_UNREACHABLE_CODE = YES;
				CLANG_WARN__DUPLICATE_METHOD_MATCH = YES;
				COPY_PHASE_STRIP = NO;
				DEBUG_INFORMATION_FORMAT = "dwarf-with-dsym";
				ENABLE_NS_ASSERTIONS = NO;
				ENABLE_STRICT_OBJC_MSGSEND = YES;
				ENABLE_USER_SCRIPT_SANDBOXING = YES;
				GCC_C_LANGUAGE_STANDARD = gnu17;
				GCC_NO_COMMON_BLOCKS = YES;
				GCC_WARN_64_TO_32_BIT_CONVERSION = YES;
				GCC_WARN_ABOUT_RETURN_TYPE = YES_ERROR;
				GCC_WARN_UNDECLARED_SELECTOR = YES;
				GCC_WARN_UNINITIALIZED_AUTOS = YES_AGGRESSIVE;
				GCC_WARN_UNUSED_FUNCTION = YES;
				GCC_WARN_UNUSED_VARIABLE = YES;
				IPHONEOS_DEPLOYMENT_TARGET = 17.4;
				LOCALIZATION_PREFERS_STRING_CATALOGS = YES;
				MTL_ENABLE_DEBUG_INFO = NO;
				MTL_FAST_MATH = YES;
				SDKROOT = iphoneos;
				SWIFT_COMPILATION_MODE = wholemodule;
				VALIDATE_PRODUCT = YES;
			};
			name = Release;
		};
		BB30CC0F2B9EFFEE0068E7EE /* Debug */ = {
			isa = XCBuildConfiguration;
			baseConfigurationReference = 3334A7FB40477F10B892D94B /* Pods-ExampleApp.debug.xcconfig */;
			buildSettings = {
				ALWAYS_EMBED_SWIFT_STANDARD_LIBRARIES = YES;
				ASSETCATALOG_COMPILER_APPICON_NAME = AppIcon;
				ASSETCATALOG_COMPILER_GLOBAL_ACCENT_COLOR_NAME = AccentColor;
				CODE_SIGN_ENTITLEMENTS = ExampleApp/Resources/ExampleApp.entitlements;
				CODE_SIGN_STYLE = Automatic;
				CURRENT_PROJECT_VERSION = 1;
				DEVELOPMENT_TEAM = N39VVWZXXP;
				ENABLE_USER_SCRIPT_SANDBOXING = NO;
				GENERATE_INFOPLIST_FILE = YES;
				INFOPLIST_FILE = ExampleApp/Resources/Info.plist;
				INFOPLIST_KEY_UIApplicationSupportsIndirectInputEvents = YES;
				INFOPLIST_KEY_UILaunchStoryboardName = LaunchScreen;
				INFOPLIST_KEY_UISupportedInterfaceOrientations_iPad = "UIInterfaceOrientationPortrait UIInterfaceOrientationPortraitUpsideDown UIInterfaceOrientationLandscapeLeft UIInterfaceOrientationLandscapeRight";
				INFOPLIST_KEY_UISupportedInterfaceOrientations_iPhone = "UIInterfaceOrientationPortrait UIInterfaceOrientationLandscapeLeft UIInterfaceOrientationLandscapeRight";
				IPHONEOS_DEPLOYMENT_TARGET = 15.0;
				LD_RUNPATH_SEARCH_PATHS = (
					"$(inherited)",
					"@executable_path/Frameworks",
				);
				MARKETING_VERSION = 1.0;
				PRODUCT_BUNDLE_IDENTIFIER = cloud.mindbox.ExampleApp;
				PRODUCT_NAME = "$(TARGET_NAME)";
				SWIFT_EMIT_LOC_STRINGS = YES;
				SWIFT_VERSION = 5.0;
				TARGETED_DEVICE_FAMILY = "1,2";
			};
			name = Debug;
		};
		BB30CC102B9EFFEE0068E7EE /* Release */ = {
			isa = XCBuildConfiguration;
			baseConfigurationReference = 1C88DCC67B821BCAC4F6C6C6 /* Pods-ExampleApp.release.xcconfig */;
			buildSettings = {
				ALWAYS_EMBED_SWIFT_STANDARD_LIBRARIES = YES;
				ASSETCATALOG_COMPILER_APPICON_NAME = AppIcon;
				ASSETCATALOG_COMPILER_GLOBAL_ACCENT_COLOR_NAME = AccentColor;
				CODE_SIGN_ENTITLEMENTS = ExampleApp/Resources/ExampleApp.entitlements;
				CODE_SIGN_STYLE = Automatic;
				CURRENT_PROJECT_VERSION = 1;
				DEVELOPMENT_TEAM = N39VVWZXXP;
				ENABLE_USER_SCRIPT_SANDBOXING = NO;
				GENERATE_INFOPLIST_FILE = YES;
				INFOPLIST_FILE = ExampleApp/Resources/Info.plist;
				INFOPLIST_KEY_UIApplicationSupportsIndirectInputEvents = YES;
				INFOPLIST_KEY_UILaunchStoryboardName = LaunchScreen;
				INFOPLIST_KEY_UISupportedInterfaceOrientations_iPad = "UIInterfaceOrientationPortrait UIInterfaceOrientationPortraitUpsideDown UIInterfaceOrientationLandscapeLeft UIInterfaceOrientationLandscapeRight";
				INFOPLIST_KEY_UISupportedInterfaceOrientations_iPhone = "UIInterfaceOrientationPortrait UIInterfaceOrientationLandscapeLeft UIInterfaceOrientationLandscapeRight";
				IPHONEOS_DEPLOYMENT_TARGET = 15.0;
				LD_RUNPATH_SEARCH_PATHS = (
					"$(inherited)",
					"@executable_path/Frameworks",
				);
				MARKETING_VERSION = 1.0;
				PRODUCT_BUNDLE_IDENTIFIER = cloud.mindbox.ExampleApp;
				PRODUCT_NAME = "$(TARGET_NAME)";
				SWIFT_EMIT_LOC_STRINGS = YES;
				SWIFT_VERSION = 5.0;
				TARGETED_DEVICE_FAMILY = "1,2";
			};
			name = Release;
		};
		BB44C58E2BA231F1004FD9A1 /* Debug */ = {
			isa = XCBuildConfiguration;
			baseConfigurationReference = B1FA330BB7DD7C6BABF5E93E /* Pods-MindboxNotificationServiceExtension.debug.xcconfig */;
			buildSettings = {
				CODE_SIGN_ENTITLEMENTS = MindboxNotificationServiceExtension/MindboxNotificationServiceExtension.entitlements;
				CODE_SIGN_STYLE = Automatic;
				CURRENT_PROJECT_VERSION = 1;
				DEVELOPMENT_TEAM = N39VVWZXXP;
				GENERATE_INFOPLIST_FILE = YES;
				INFOPLIST_FILE = MindboxNotificationServiceExtension/Info.plist;
				INFOPLIST_KEY_CFBundleDisplayName = MindboxNotificationServiceExtension;
				INFOPLIST_KEY_NSHumanReadableCopyright = "";
				IPHONEOS_DEPLOYMENT_TARGET = 15.0;
				LD_RUNPATH_SEARCH_PATHS = (
					"$(inherited)",
					"@executable_path/Frameworks",
					"@executable_path/../../Frameworks",
				);
				MARKETING_VERSION = 1.0;
				PRODUCT_BUNDLE_IDENTIFIER = cloud.mindbox.ExampleApp.MindboxNotificationServiceExtension;
				PRODUCT_NAME = "$(TARGET_NAME)";
				SKIP_INSTALL = YES;
				SWIFT_EMIT_LOC_STRINGS = YES;
				SWIFT_VERSION = 5.0;
				TARGETED_DEVICE_FAMILY = "1,2";
			};
			name = Debug;
		};
		BB44C58F2BA231F1004FD9A1 /* Release */ = {
			isa = XCBuildConfiguration;
			baseConfigurationReference = 698B49E283FBCD9FC48DCF62 /* Pods-MindboxNotificationServiceExtension.release.xcconfig */;
			buildSettings = {
				CODE_SIGN_ENTITLEMENTS = MindboxNotificationServiceExtension/MindboxNotificationServiceExtension.entitlements;
				CODE_SIGN_STYLE = Automatic;
				CURRENT_PROJECT_VERSION = 1;
				DEVELOPMENT_TEAM = N39VVWZXXP;
				GENERATE_INFOPLIST_FILE = YES;
				INFOPLIST_FILE = MindboxNotificationServiceExtension/Info.plist;
				INFOPLIST_KEY_CFBundleDisplayName = MindboxNotificationServiceExtension;
				INFOPLIST_KEY_NSHumanReadableCopyright = "";
				IPHONEOS_DEPLOYMENT_TARGET = 15.0;
				LD_RUNPATH_SEARCH_PATHS = (
					"$(inherited)",
					"@executable_path/Frameworks",
					"@executable_path/../../Frameworks",
				);
				MARKETING_VERSION = 1.0;
				PRODUCT_BUNDLE_IDENTIFIER = cloud.mindbox.ExampleApp.MindboxNotificationServiceExtension;
				PRODUCT_NAME = "$(TARGET_NAME)";
				SKIP_INSTALL = YES;
				SWIFT_EMIT_LOC_STRINGS = YES;
				SWIFT_VERSION = 5.0;
				TARGETED_DEVICE_FAMILY = "1,2";
			};
			name = Release;
		};
		BBF978BD2BA23CD500A2BC09 /* Debug */ = {
			isa = XCBuildConfiguration;
			baseConfigurationReference = 9BE3FCC82B2A473E0ADDC517 /* Pods-MindboxNotificationContentExtension.debug.xcconfig */;
			buildSettings = {
				CODE_SIGN_ENTITLEMENTS = MindboxNotificationContentExtension/MindboxNotificationContentExtension.entitlements;
				CODE_SIGN_STYLE = Automatic;
				CURRENT_PROJECT_VERSION = 1;
				DEVELOPMENT_TEAM = N39VVWZXXP;
				GENERATE_INFOPLIST_FILE = YES;
				INFOPLIST_FILE = MindboxNotificationContentExtension/Info.plist;
				INFOPLIST_KEY_CFBundleDisplayName = MindboxNotificationContentExtension;
				INFOPLIST_KEY_NSHumanReadableCopyright = "";
				IPHONEOS_DEPLOYMENT_TARGET = 15.0;
				LD_RUNPATH_SEARCH_PATHS = (
					"$(inherited)",
					"@executable_path/Frameworks",
					"@executable_path/../../Frameworks",
				);
				MARKETING_VERSION = 1.0;
				PRODUCT_BUNDLE_IDENTIFIER = cloud.mindbox.ExampleApp.MindboxNotificationContentExtension;
				PRODUCT_NAME = "$(TARGET_NAME)";
				SKIP_INSTALL = YES;
				SWIFT_EMIT_LOC_STRINGS = YES;
				SWIFT_VERSION = 5.0;
				TARGETED_DEVICE_FAMILY = "1,2";
			};
			name = Debug;
		};
		BBF978BE2BA23CD500A2BC09 /* Release */ = {
			isa = XCBuildConfiguration;
			baseConfigurationReference = 00B63D81AB9324C4CEBC239F /* Pods-MindboxNotificationContentExtension.release.xcconfig */;
			buildSettings = {
				CODE_SIGN_ENTITLEMENTS = MindboxNotificationContentExtension/MindboxNotificationContentExtension.entitlements;
				CODE_SIGN_STYLE = Automatic;
				CURRENT_PROJECT_VERSION = 1;
				DEVELOPMENT_TEAM = N39VVWZXXP;
				GENERATE_INFOPLIST_FILE = YES;
				INFOPLIST_FILE = MindboxNotificationContentExtension/Info.plist;
				INFOPLIST_KEY_CFBundleDisplayName = MindboxNotificationContentExtension;
				INFOPLIST_KEY_NSHumanReadableCopyright = "";
				IPHONEOS_DEPLOYMENT_TARGET = 15.0;
				LD_RUNPATH_SEARCH_PATHS = (
					"$(inherited)",
					"@executable_path/Frameworks",
					"@executable_path/../../Frameworks",
				);
				MARKETING_VERSION = 1.0;
				PRODUCT_BUNDLE_IDENTIFIER = cloud.mindbox.ExampleApp.MindboxNotificationContentExtension;
				PRODUCT_NAME = "$(TARGET_NAME)";
				SKIP_INSTALL = YES;
				SWIFT_EMIT_LOC_STRINGS = YES;
				SWIFT_VERSION = 5.0;
				TARGETED_DEVICE_FAMILY = "1,2";
			};
			name = Release;
		};
/* End XCBuildConfiguration section */

/* Begin XCConfigurationList section */
		BB30CBF52B9EFFED0068E7EE /* Build configuration list for PBXProject "ExampleApp" */ = {
			isa = XCConfigurationList;
			buildConfigurations = (
				BB30CC0C2B9EFFEE0068E7EE /* Debug */,
				BB30CC0D2B9EFFEE0068E7EE /* Release */,
			);
			defaultConfigurationIsVisible = 0;
			defaultConfigurationName = Release;
		};
		BB30CC0E2B9EFFEE0068E7EE /* Build configuration list for PBXNativeTarget "ExampleApp" */ = {
			isa = XCConfigurationList;
			buildConfigurations = (
				BB30CC0F2B9EFFEE0068E7EE /* Debug */,
				BB30CC102B9EFFEE0068E7EE /* Release */,
			);
			defaultConfigurationIsVisible = 0;
			defaultConfigurationName = Release;
		};
		BB44C5902BA231F1004FD9A1 /* Build configuration list for PBXNativeTarget "MindboxNotificationServiceExtension" */ = {
			isa = XCConfigurationList;
			buildConfigurations = (
				BB44C58E2BA231F1004FD9A1 /* Debug */,
				BB44C58F2BA231F1004FD9A1 /* Release */,
			);
			defaultConfigurationIsVisible = 0;
			defaultConfigurationName = Release;
		};
		BBF978BC2BA23CD500A2BC09 /* Build configuration list for PBXNativeTarget "MindboxNotificationContentExtension" */ = {
			isa = XCConfigurationList;
			buildConfigurations = (
				BBF978BD2BA23CD500A2BC09 /* Debug */,
				BBF978BE2BA23CD500A2BC09 /* Release */,
			);
			defaultConfigurationIsVisible = 0;
			defaultConfigurationName = Release;
		};
/* End XCConfigurationList section */
	};
	rootObject = BB30CBF22B9EFFED0068E7EE /* Project object */;
}
