// !$*UTF8*$!
{
	archiveVersion = 1;
	classes = {
	};
	objectVersion = 56;
	objects = {

/* Begin PBXBuildFile section */
		0A5602752BA34179000A444A /* NotificationService.swift in Sources */ = {isa = PBXBuildFile; fileRef = 0A5602742BA34179000A444A /* NotificationService.swift */; };
		0A56027A2BA3417A000A444A /* MindboxNotificationServiceExtension.appex in Embed Foundation Extensions */ = {isa = PBXBuildFile; fileRef = 0A5602722BA34179000A444A /* MindboxNotificationServiceExtension.appex */; settings = {ATTRIBUTES = (RemoveHeadersOnCopy, ); }; };
		0A5602802BA341D8000A444A /* MindboxNotificationsService in Frameworks */ = {isa = PBXBuildFile; productRef = 0A56027F2BA341D8000A444A /* MindboxNotificationsService */; };
		0A69A2432B9F15890063E89E /* AppDelegate.swift in Sources */ = {isa = PBXBuildFile; fileRef = 0A69A2422B9F15890063E89E /* AppDelegate.swift */; };
		0A69A2452B9F15890063E89E /* SceneDelegate.swift in Sources */ = {isa = PBXBuildFile; fileRef = 0A69A2442B9F15890063E89E /* SceneDelegate.swift */; };
		0A69A2472B9F15890063E89E /* ViewController.swift in Sources */ = {isa = PBXBuildFile; fileRef = 0A69A2462B9F15890063E89E /* ViewController.swift */; };
		0A69A24C2B9F158B0063E89E /* Assets.xcassets in Resources */ = {isa = PBXBuildFile; fileRef = 0A69A24B2B9F158B0063E89E /* Assets.xcassets */; };
		0A69A24F2B9F158B0063E89E /* Base in Resources */ = {isa = PBXBuildFile; fileRef = 0A69A24E2B9F158B0063E89E /* Base */; };
		0A69A25A2B9F158B0063E89E /* ExampleAppTests.swift in Sources */ = {isa = PBXBuildFile; fileRef = 0A69A2592B9F158B0063E89E /* ExampleAppTests.swift */; };
		0A69A2642B9F158B0063E89E /* ExampleAppUITests.swift in Sources */ = {isa = PBXBuildFile; fileRef = 0A69A2632B9F158B0063E89E /* ExampleAppUITests.swift */; };
		0A69A2662B9F158B0063E89E /* ExampleAppUITestsLaunchTests.swift in Sources */ = {isa = PBXBuildFile; fileRef = 0A69A2652B9F158B0063E89E /* ExampleAppUITestsLaunchTests.swift */; };
		0A69A2742B9F17460063E89E /* Mindbox in Frameworks */ = {isa = PBXBuildFile; productRef = 0A69A2732B9F17460063E89E /* Mindbox */; };
		0A6C602B2BA3067700F23881 /* NotificationService.swift in Sources */ = {isa = PBXBuildFile; fileRef = 0A6C602A2BA3067700F23881 /* NotificationService.swift */; };
/* End PBXBuildFile section */

/* Begin PBXContainerItemProxy section */
		0A5602772BA34179000A444A /* PBXContainerItemProxy */ = {
			isa = PBXContainerItemProxy;
			containerPortal = 0A69A2372B9F15890063E89E /* Project object */;
			proxyType = 1;
			remoteGlobalIDString = 0A5602712BA34179000A444A;
			remoteInfo = MindboxNotificationServiceExtension;
		};
		0A69A2562B9F158B0063E89E /* PBXContainerItemProxy */ = {
			isa = PBXContainerItemProxy;
			containerPortal = 0A69A2372B9F15890063E89E /* Project object */;
			proxyType = 1;
			remoteGlobalIDString = 0A69A23E2B9F15890063E89E;
			remoteInfo = ExampleApp;
		};
		0A69A2602B9F158B0063E89E /* PBXContainerItemProxy */ = {
			isa = PBXContainerItemProxy;
			containerPortal = 0A69A2372B9F15890063E89E /* Project object */;
			proxyType = 1;
			remoteGlobalIDString = 0A69A23E2B9F15890063E89E;
			remoteInfo = ExampleApp;
		};
/* End PBXContainerItemProxy section */

/* Begin PBXCopyFilesBuildPhase section */
		0A5602792BA34179000A444A /* Embed Foundation Extensions */ = {
			isa = PBXCopyFilesBuildPhase;
			buildActionMask = 2147483647;
			dstPath = "";
			dstSubfolderSpec = 13;
			files = (
				0A56027A2BA3417A000A444A /* MindboxNotificationServiceExtension.appex in Embed Foundation Extensions */,
			);
			name = "Embed Foundation Extensions";
			runOnlyForDeploymentPostprocessing = 0;
		};
/* End PBXCopyFilesBuildPhase section */

/* Begin PBXFileReference section */
		0A5602722BA34179000A444A /* MindboxNotificationServiceExtension.appex */ = {isa = PBXFileReference; explicitFileType = "wrapper.app-extension"; includeInIndex = 0; path = MindboxNotificationServiceExtension.appex; sourceTree = BUILT_PRODUCTS_DIR; };
		0A5602742BA34179000A444A /* NotificationService.swift */ = {isa = PBXFileReference; lastKnownFileType = sourcecode.swift; path = NotificationService.swift; sourceTree = "<group>"; };
		0A5602762BA34179000A444A /* Info.plist */ = {isa = PBXFileReference; lastKnownFileType = text.plist.xml; path = Info.plist; sourceTree = "<group>"; };
		0A56027E2BA34193000A444A /* MindboxNotificationServiceExtension.entitlements */ = {isa = PBXFileReference; lastKnownFileType = text.plist.entitlements; path = MindboxNotificationServiceExtension.entitlements; sourceTree = "<group>"; };
		0A69A23F2B9F15890063E89E /* ExampleApp.app */ = {isa = PBXFileReference; explicitFileType = wrapper.application; includeInIndex = 0; path = ExampleApp.app; sourceTree = BUILT_PRODUCTS_DIR; };
		0A69A2422B9F15890063E89E /* AppDelegate.swift */ = {isa = PBXFileReference; lastKnownFileType = sourcecode.swift; path = AppDelegate.swift; sourceTree = "<group>"; };
		0A69A2442B9F15890063E89E /* SceneDelegate.swift */ = {isa = PBXFileReference; lastKnownFileType = sourcecode.swift; path = SceneDelegate.swift; sourceTree = "<group>"; };
		0A69A2462B9F15890063E89E /* ViewController.swift */ = {isa = PBXFileReference; lastKnownFileType = sourcecode.swift; path = ViewController.swift; sourceTree = "<group>"; };
		0A69A24B2B9F158B0063E89E /* Assets.xcassets */ = {isa = PBXFileReference; lastKnownFileType = folder.assetcatalog; path = Assets.xcassets; sourceTree = "<group>"; };
		0A69A24E2B9F158B0063E89E /* Base */ = {isa = PBXFileReference; lastKnownFileType = file.storyboard; name = Base; path = Base.lproj/LaunchScreen.storyboard; sourceTree = "<group>"; };
		0A69A2502B9F158B0063E89E /* Info.plist */ = {isa = PBXFileReference; lastKnownFileType = text.plist.xml; path = Info.plist; sourceTree = "<group>"; };
		0A69A2552B9F158B0063E89E /* ExampleAppTests.xctest */ = {isa = PBXFileReference; explicitFileType = wrapper.cfbundle; includeInIndex = 0; path = ExampleAppTests.xctest; sourceTree = BUILT_PRODUCTS_DIR; };
		0A69A2592B9F158B0063E89E /* ExampleAppTests.swift */ = {isa = PBXFileReference; lastKnownFileType = sourcecode.swift; path = ExampleAppTests.swift; sourceTree = "<group>"; };
		0A69A25F2B9F158B0063E89E /* ExampleAppUITests.xctest */ = {isa = PBXFileReference; explicitFileType = wrapper.cfbundle; includeInIndex = 0; path = ExampleAppUITests.xctest; sourceTree = BUILT_PRODUCTS_DIR; };
		0A69A2632B9F158B0063E89E /* ExampleAppUITests.swift */ = {isa = PBXFileReference; lastKnownFileType = sourcecode.swift; path = ExampleAppUITests.swift; sourceTree = "<group>"; };
		0A69A2652B9F158B0063E89E /* ExampleAppUITestsLaunchTests.swift */ = {isa = PBXFileReference; lastKnownFileType = sourcecode.swift; path = ExampleAppUITestsLaunchTests.swift; sourceTree = "<group>"; };
		0A69A2792B9F230D0063E89E /* ExampleApp.entitlements */ = {isa = PBXFileReference; lastKnownFileType = text.plist.entitlements; path = ExampleApp.entitlements; sourceTree = "<group>"; };
		0A6C602A2BA3067700F23881 /* NotificationService.swift */ = {isa = PBXFileReference; lastKnownFileType = sourcecode.swift; path = NotificationService.swift; sourceTree = "<group>"; };
		0A6C60322BA3077800F23881 /* UserNotifications.framework */ = {isa = PBXFileReference; lastKnownFileType = wrapper.framework; name = UserNotifications.framework; path = System/Library/Frameworks/UserNotifications.framework; sourceTree = SDKROOT; };
		0A6C60342BA3077800F23881 /* UserNotificationsUI.framework */ = {isa = PBXFileReference; lastKnownFileType = wrapper.framework; name = UserNotificationsUI.framework; path = System/Library/Frameworks/UserNotificationsUI.framework; sourceTree = SDKROOT; };
/* End PBXFileReference section */

/* Begin PBXFrameworksBuildPhase section */
		0A56026F2BA34179000A444A /* Frameworks */ = {
			isa = PBXFrameworksBuildPhase;
			buildActionMask = 2147483647;
			files = (
				0A5602802BA341D8000A444A /* MindboxNotificationsService in Frameworks */,
			);
			runOnlyForDeploymentPostprocessing = 0;
		};
		0A69A23C2B9F15890063E89E /* Frameworks */ = {
			isa = PBXFrameworksBuildPhase;
			buildActionMask = 2147483647;
			files = (
				0A69A2742B9F17460063E89E /* Mindbox in Frameworks */,
			);
			runOnlyForDeploymentPostprocessing = 0;
		};
		0A69A2522B9F158B0063E89E /* Frameworks */ = {
			isa = PBXFrameworksBuildPhase;
			buildActionMask = 2147483647;
			files = (
			);
			runOnlyForDeploymentPostprocessing = 0;
		};
		0A69A25C2B9F158B0063E89E /* Frameworks */ = {
			isa = PBXFrameworksBuildPhase;
			buildActionMask = 2147483647;
			files = (
			);
			runOnlyForDeploymentPostprocessing = 0;
		};
/* End PBXFrameworksBuildPhase section */

/* Begin PBXGroup section */
		0A5602732BA34179000A444A /* MindboxNotificationServiceExtension */ = {
			isa = PBXGroup;
			children = (
				0A56027E2BA34193000A444A /* MindboxNotificationServiceExtension.entitlements */,
				0A5602742BA34179000A444A /* NotificationService.swift */,
				0A5602762BA34179000A444A /* Info.plist */,
			);
			path = MindboxNotificationServiceExtension;
			sourceTree = "<group>";
		};
		0A69A2362B9F15890063E89E = {
			isa = PBXGroup;
			children = (
				0A69A2412B9F15890063E89E /* ExampleApp */,
				0A69A2582B9F158B0063E89E /* ExampleAppTests */,
				0A69A2622B9F158B0063E89E /* ExampleAppUITests */,
				0A5602732BA34179000A444A /* MindboxNotificationServiceExtension */,
				0A6C60312BA3077800F23881 /* Frameworks */,
				0A69A2402B9F15890063E89E /* Products */,
			);
			sourceTree = "<group>";
		};
		0A69A2402B9F15890063E89E /* Products */ = {
			isa = PBXGroup;
			children = (
				0A69A23F2B9F15890063E89E /* ExampleApp.app */,
				0A69A2552B9F158B0063E89E /* ExampleAppTests.xctest */,
				0A69A25F2B9F158B0063E89E /* ExampleAppUITests.xctest */,
				0A5602722BA34179000A444A /* MindboxNotificationServiceExtension.appex */,
			);
			name = Products;
			sourceTree = "<group>";
		};
		0A69A2412B9F15890063E89E /* ExampleApp */ = {
			isa = PBXGroup;
			children = (
				0A69A2792B9F230D0063E89E /* ExampleApp.entitlements */,
				0A69A2422B9F15890063E89E /* AppDelegate.swift */,
				0A69A2442B9F15890063E89E /* SceneDelegate.swift */,
				0A69A2462B9F15890063E89E /* ViewController.swift */,
				0A69A24B2B9F158B0063E89E /* Assets.xcassets */,
				0A69A24D2B9F158B0063E89E /* LaunchScreen.storyboard */,
				0A69A2502B9F158B0063E89E /* Info.plist */,
				0A6C602A2BA3067700F23881 /* NotificationService.swift */,
			);
			path = ExampleApp;
			sourceTree = "<group>";
		};
		0A69A2582B9F158B0063E89E /* ExampleAppTests */ = {
			isa = PBXGroup;
			children = (
				0A69A2592B9F158B0063E89E /* ExampleAppTests.swift */,
			);
			path = ExampleAppTests;
			sourceTree = "<group>";
		};
		0A69A2622B9F158B0063E89E /* ExampleAppUITests */ = {
			isa = PBXGroup;
			children = (
				0A69A2632B9F158B0063E89E /* ExampleAppUITests.swift */,
				0A69A2652B9F158B0063E89E /* ExampleAppUITestsLaunchTests.swift */,
			);
			path = ExampleAppUITests;
			sourceTree = "<group>";
		};
		0A6C60312BA3077800F23881 /* Frameworks */ = {
			isa = PBXGroup;
			children = (
				0A6C60322BA3077800F23881 /* UserNotifications.framework */,
				0A6C60342BA3077800F23881 /* UserNotificationsUI.framework */,
			);
			name = Frameworks;
			sourceTree = "<group>";
		};
/* End PBXGroup section */

/* Begin PBXNativeTarget section */
		0A5602712BA34179000A444A /* MindboxNotificationServiceExtension */ = {
			isa = PBXNativeTarget;
			buildConfigurationList = 0A56027B2BA3417A000A444A /* Build configuration list for PBXNativeTarget "MindboxNotificationServiceExtension" */;
			buildPhases = (
				0A56026E2BA34179000A444A /* Sources */,
				0A56026F2BA34179000A444A /* Frameworks */,
				0A5602702BA34179000A444A /* Resources */,
			);
			buildRules = (
			);
			dependencies = (
			);
			name = MindboxNotificationServiceExtension;
			packageProductDependencies = (
				0A56027F2BA341D8000A444A /* MindboxNotificationsService */,
			);
			productName = MindboxNotificationServiceExtension;
			productReference = 0A5602722BA34179000A444A /* MindboxNotificationServiceExtension.appex */;
			productType = "com.apple.product-type.app-extension";
		};
		0A69A23E2B9F15890063E89E /* ExampleApp */ = {
			isa = PBXNativeTarget;
			buildConfigurationList = 0A69A2692B9F158B0063E89E /* Build configuration list for PBXNativeTarget "ExampleApp" */;
			buildPhases = (
				0A69A23B2B9F15890063E89E /* Sources */,
				0A69A23C2B9F15890063E89E /* Frameworks */,
				0A69A23D2B9F15890063E89E /* Resources */,
				0A5602792BA34179000A444A /* Embed Foundation Extensions */,
			);
			buildRules = (
			);
			dependencies = (
				0A5602782BA34179000A444A /* PBXTargetDependency */,
			);
			name = ExampleApp;
			packageProductDependencies = (
				0A69A2732B9F17460063E89E /* Mindbox */,
			);
			productName = ExampleApp;
			productReference = 0A69A23F2B9F15890063E89E /* ExampleApp.app */;
			productType = "com.apple.product-type.application";
		};
		0A69A2542B9F158B0063E89E /* ExampleAppTests */ = {
			isa = PBXNativeTarget;
			buildConfigurationList = 0A69A26C2B9F158B0063E89E /* Build configuration list for PBXNativeTarget "ExampleAppTests" */;
			buildPhases = (
				0A69A2512B9F158B0063E89E /* Sources */,
				0A69A2522B9F158B0063E89E /* Frameworks */,
				0A69A2532B9F158B0063E89E /* Resources */,
			);
			buildRules = (
			);
			dependencies = (
				0A69A2572B9F158B0063E89E /* PBXTargetDependency */,
			);
			name = ExampleAppTests;
			productName = ExampleAppTests;
			productReference = 0A69A2552B9F158B0063E89E /* ExampleAppTests.xctest */;
			productType = "com.apple.product-type.bundle.unit-test";
		};
		0A69A25E2B9F158B0063E89E /* ExampleAppUITests */ = {
			isa = PBXNativeTarget;
			buildConfigurationList = 0A69A26F2B9F158B0063E89E /* Build configuration list for PBXNativeTarget "ExampleAppUITests" */;
			buildPhases = (
				0A69A25B2B9F158B0063E89E /* Sources */,
				0A69A25C2B9F158B0063E89E /* Frameworks */,
				0A69A25D2B9F158B0063E89E /* Resources */,
			);
			buildRules = (
			);
			dependencies = (
				0A69A2612B9F158B0063E89E /* PBXTargetDependency */,
			);
			name = ExampleAppUITests;
			productName = ExampleAppUITests;
			productReference = 0A69A25F2B9F158B0063E89E /* ExampleAppUITests.xctest */;
			productType = "com.apple.product-type.bundle.ui-testing";
		};
/* End PBXNativeTarget section */

/* Begin PBXProject section */
		0A69A2372B9F15890063E89E /* Project object */ = {
			isa = PBXProject;
			attributes = {
				BuildIndependentTargetsInParallel = 1;
				LastSwiftUpdateCheck = 1530;
				LastUpgradeCheck = 1530;
				TargetAttributes = {
					0A5602712BA34179000A444A = {
						CreatedOnToolsVersion = 15.3;
					};
					0A69A23E2B9F15890063E89E = {
						CreatedOnToolsVersion = 15.3;
					};
					0A69A2542B9F158B0063E89E = {
						CreatedOnToolsVersion = 15.3;
						TestTargetID = 0A69A23E2B9F15890063E89E;
					};
					0A69A25E2B9F158B0063E89E = {
						CreatedOnToolsVersion = 15.3;
						TestTargetID = 0A69A23E2B9F15890063E89E;
					};
				};
			};
			buildConfigurationList = 0A69A23A2B9F15890063E89E /* Build configuration list for PBXProject "ExampleApp" */;
			compatibilityVersion = "Xcode 14.0";
			developmentRegion = en;
			hasScannedForEncodings = 0;
			knownRegions = (
				en,
				Base,
			);
			mainGroup = 0A69A2362B9F15890063E89E;
			packageReferences = (
				0A69A2722B9F17460063E89E /* XCRemoteSwiftPackageReference "ios-sdk" */,
			);
			productRefGroup = 0A69A2402B9F15890063E89E /* Products */;
			projectDirPath = "";
			projectRoot = "";
			targets = (
				0A69A23E2B9F15890063E89E /* ExampleApp */,
				0A69A2542B9F158B0063E89E /* ExampleAppTests */,
				0A69A25E2B9F158B0063E89E /* ExampleAppUITests */,
				0A5602712BA34179000A444A /* MindboxNotificationServiceExtension */,
			);
		};
/* End PBXProject section */

/* Begin PBXResourcesBuildPhase section */
		0A5602702BA34179000A444A /* Resources */ = {
			isa = PBXResourcesBuildPhase;
			buildActionMask = 2147483647;
			files = (
			);
			runOnlyForDeploymentPostprocessing = 0;
		};
		0A69A23D2B9F15890063E89E /* Resources */ = {
			isa = PBXResourcesBuildPhase;
			buildActionMask = 2147483647;
			files = (
				0A69A24C2B9F158B0063E89E /* Assets.xcassets in Resources */,
				0A69A24F2B9F158B0063E89E /* Base in Resources */,
			);
			runOnlyForDeploymentPostprocessing = 0;
		};
		0A69A2532B9F158B0063E89E /* Resources */ = {
			isa = PBXResourcesBuildPhase;
			buildActionMask = 2147483647;
			files = (
			);
			runOnlyForDeploymentPostprocessing = 0;
		};
		0A69A25D2B9F158B0063E89E /* Resources */ = {
			isa = PBXResourcesBuildPhase;
			buildActionMask = 2147483647;
			files = (
			);
			runOnlyForDeploymentPostprocessing = 0;
		};
/* End PBXResourcesBuildPhase section */

/* Begin PBXSourcesBuildPhase section */
		0A56026E2BA34179000A444A /* Sources */ = {
			isa = PBXSourcesBuildPhase;
			buildActionMask = 2147483647;
			files = (
				0A5602752BA34179000A444A /* NotificationService.swift in Sources */,
			);
			runOnlyForDeploymentPostprocessing = 0;
		};
		0A69A23B2B9F15890063E89E /* Sources */ = {
			isa = PBXSourcesBuildPhase;
			buildActionMask = 2147483647;
			files = (
				0A6C602B2BA3067700F23881 /* NotificationService.swift in Sources */,
				0A69A2472B9F15890063E89E /* ViewController.swift in Sources */,
				0A69A2432B9F15890063E89E /* AppDelegate.swift in Sources */,
				0A69A2452B9F15890063E89E /* SceneDelegate.swift in Sources */,
			);
			runOnlyForDeploymentPostprocessing = 0;
		};
		0A69A2512B9F158B0063E89E /* Sources */ = {
			isa = PBXSourcesBuildPhase;
			buildActionMask = 2147483647;
			files = (
				0A69A25A2B9F158B0063E89E /* ExampleAppTests.swift in Sources */,
			);
			runOnlyForDeploymentPostprocessing = 0;
		};
		0A69A25B2B9F158B0063E89E /* Sources */ = {
			isa = PBXSourcesBuildPhase;
			buildActionMask = 2147483647;
			files = (
				0A69A2642B9F158B0063E89E /* ExampleAppUITests.swift in Sources */,
				0A69A2662B9F158B0063E89E /* ExampleAppUITestsLaunchTests.swift in Sources */,
			);
			runOnlyForDeploymentPostprocessing = 0;
		};
/* End PBXSourcesBuildPhase section */

/* Begin PBXTargetDependency section */
		0A5602782BA34179000A444A /* PBXTargetDependency */ = {
			isa = PBXTargetDependency;
			target = 0A5602712BA34179000A444A /* MindboxNotificationServiceExtension */;
			targetProxy = 0A5602772BA34179000A444A /* PBXContainerItemProxy */;
		};
		0A69A2572B9F158B0063E89E /* PBXTargetDependency */ = {
			isa = PBXTargetDependency;
			target = 0A69A23E2B9F15890063E89E /* ExampleApp */;
			targetProxy = 0A69A2562B9F158B0063E89E /* PBXContainerItemProxy */;
		};
		0A69A2612B9F158B0063E89E /* PBXTargetDependency */ = {
			isa = PBXTargetDependency;
			target = 0A69A23E2B9F15890063E89E /* ExampleApp */;
			targetProxy = 0A69A2602B9F158B0063E89E /* PBXContainerItemProxy */;
		};
/* End PBXTargetDependency section */

/* Begin PBXVariantGroup section */
		0A69A24D2B9F158B0063E89E /* LaunchScreen.storyboard */ = {
			isa = PBXVariantGroup;
			children = (
				0A69A24E2B9F158B0063E89E /* Base */,
			);
			name = LaunchScreen.storyboard;
			sourceTree = "<group>";
		};
/* End PBXVariantGroup section */

/* Begin XCBuildConfiguration section */
		0A56027C2BA3417A000A444A /* Debug */ = {
			isa = XCBuildConfiguration;
			buildSettings = {
				CODE_SIGN_ENTITLEMENTS = MindboxNotificationServiceExtension/MindboxNotificationServiceExtension.entitlements;
				CODE_SIGN_STYLE = Automatic;
				CURRENT_PROJECT_VERSION = 1;
				DEVELOPMENT_TEAM = N39VVWZXXP;
				GENERATE_INFOPLIST_FILE = YES;
				INFOPLIST_FILE = MindboxNotificationServiceExtension/Info.plist;
				INFOPLIST_KEY_CFBundleDisplayName = MindboxNotificationServiceExtension;
				INFOPLIST_KEY_NSHumanReadableCopyright = "";
				IPHONEOS_DEPLOYMENT_TARGET = 17.0;
				LD_RUNPATH_SEARCH_PATHS = (
					"$(inherited)",
					"@executable_path/Frameworks",
					"@executable_path/../../Frameworks",
				);
				MARKETING_VERSION = 1.0;
				PRODUCT_BUNDLE_IDENTIFIER = cloud.mindbox.ExampleApp.MindboxNotificationServiceExtension;
				PRODUCT_NAME = "$(TARGET_NAME)";
				SKIP_INSTALL = YES;
				SWIFT_EMIT_LOC_STRINGS = YES;
				SWIFT_VERSION = 5.0;
				TARGETED_DEVICE_FAMILY = "1,2";
			};
			name = Debug;
		};
		0A56027D2BA3417A000A444A /* Release */ = {
			isa = XCBuildConfiguration;
			buildSettings = {
				CODE_SIGN_ENTITLEMENTS = MindboxNotificationServiceExtension/MindboxNotificationServiceExtension.entitlements;
				CODE_SIGN_STYLE = Automatic;
				CURRENT_PROJECT_VERSION = 1;
				DEVELOPMENT_TEAM = N39VVWZXXP;
				GENERATE_INFOPLIST_FILE = YES;
				INFOPLIST_FILE = MindboxNotificationServiceExtension/Info.plist;
				INFOPLIST_KEY_CFBundleDisplayName = MindboxNotificationServiceExtension;
				INFOPLIST_KEY_NSHumanReadableCopyright = "";
				IPHONEOS_DEPLOYMENT_TARGET = 17.0;
				LD_RUNPATH_SEARCH_PATHS = (
					"$(inherited)",
					"@executable_path/Frameworks",
					"@executable_path/../../Frameworks",
				);
				MARKETING_VERSION = 1.0;
				PRODUCT_BUNDLE_IDENTIFIER = cloud.mindbox.ExampleApp.MindboxNotificationServiceExtension;
				PRODUCT_NAME = "$(TARGET_NAME)";
				SKIP_INSTALL = YES;
				SWIFT_EMIT_LOC_STRINGS = YES;
				SWIFT_VERSION = 5.0;
				TARGETED_DEVICE_FAMILY = "1,2";
			};
			name = Release;
		};
		0A69A2672B9F158B0063E89E /* Debug */ = {
			isa = XCBuildConfiguration;
			buildSettings = {
				ALWAYS_SEARCH_USER_PATHS = NO;
				ASSETCATALOG_COMPILER_GENERATE_SWIFT_ASSET_SYMBOL_EXTENSIONS = YES;
				CLANG_ANALYZER_NONNULL = YES;
				CLANG_ANALYZER_NUMBER_OBJECT_CONVERSION = YES_AGGRESSIVE;
				CLANG_CXX_LANGUAGE_STANDARD = "gnu++20";
				CLANG_ENABLE_MODULES = YES;
				CLANG_ENABLE_OBJC_ARC = YES;
				CLANG_ENABLE_OBJC_WEAK = YES;
				CLANG_WARN_BLOCK_CAPTURE_AUTORELEASING = YES;
				CLANG_WARN_BOOL_CONVERSION = YES;
				CLANG_WARN_COMMA = YES;
				CLANG_WARN_CONSTANT_CONVERSION = YES;
				CLANG_WARN_DEPRECATED_OBJC_IMPLEMENTATIONS = YES;
				CLANG_WARN_DIRECT_OBJC_ISA_USAGE = YES_ERROR;
				CLANG_WARN_DOCUMENTATION_COMMENTS = YES;
				CLANG_WARN_EMPTY_BODY = YES;
				CLANG_WARN_ENUM_CONVERSION = YES;
				CLANG_WARN_INFINITE_RECURSION = YES;
				CLANG_WARN_INT_CONVERSION = YES;
				CLANG_WARN_NON_LITERAL_NULL_CONVERSION = YES;
				CLANG_WARN_OBJC_IMPLICIT_RETAIN_SELF = YES;
				CLANG_WARN_OBJC_LITERAL_CONVERSION = YES;
				CLANG_WARN_OBJC_ROOT_CLASS = YES_ERROR;
				CLANG_WARN_QUOTED_INCLUDE_IN_FRAMEWORK_HEADER = YES;
				CLANG_WARN_RANGE_LOOP_ANALYSIS = YES;
				CLANG_WARN_STRICT_PROTOTYPES = YES;
				CLANG_WARN_SUSPICIOUS_MOVE = YES;
				CLANG_WARN_UNGUARDED_AVAILABILITY = YES_AGGRESSIVE;
				CLANG_WARN_UNREACHABLE_CODE = YES;
				CLANG_WARN__DUPLICATE_METHOD_MATCH = YES;
				COPY_PHASE_STRIP = NO;
				DEBUG_INFORMATION_FORMAT = dwarf;
				ENABLE_STRICT_OBJC_MSGSEND = YES;
				ENABLE_TESTABILITY = YES;
				ENABLE_USER_SCRIPT_SANDBOXING = YES;
				GCC_C_LANGUAGE_STANDARD = gnu17;
				GCC_DYNAMIC_NO_PIC = NO;
				GCC_NO_COMMON_BLOCKS = YES;
				GCC_OPTIMIZATION_LEVEL = 0;
				GCC_PREPROCESSOR_DEFINITIONS = (
					"DEBUG=1",
					"$(inherited)",
				);
				GCC_WARN_64_TO_32_BIT_CONVERSION = YES;
				GCC_WARN_ABOUT_RETURN_TYPE = YES_ERROR;
				GCC_WARN_UNDECLARED_SELECTOR = YES;
				GCC_WARN_UNINITIALIZED_AUTOS = YES_AGGRESSIVE;
				GCC_WARN_UNUSED_FUNCTION = YES;
				GCC_WARN_UNUSED_VARIABLE = YES;
				IPHONEOS_DEPLOYMENT_TARGET = 17.0;
				LOCALIZATION_PREFERS_STRING_CATALOGS = YES;
				MTL_ENABLE_DEBUG_INFO = INCLUDE_SOURCE;
				MTL_FAST_MATH = YES;
				ONLY_ACTIVE_ARCH = YES;
				SDKROOT = iphoneos;
				SWIFT_ACTIVE_COMPILATION_CONDITIONS = "DEBUG $(inherited)";
				SWIFT_OPTIMIZATION_LEVEL = "-Onone";
			};
			name = Debug;
		};
		0A69A2682B9F158B0063E89E /* Release */ = {
			isa = XCBuildConfiguration;
			buildSettings = {
				ALWAYS_SEARCH_USER_PATHS = NO;
				ASSETCATALOG_COMPILER_GENERATE_SWIFT_ASSET_SYMBOL_EXTENSIONS = YES;
				CLANG_ANALYZER_NONNULL = YES;
				CLANG_ANALYZER_NUMBER_OBJECT_CONVERSION = YES_AGGRESSIVE;
				CLANG_CXX_LANGUAGE_STANDARD = "gnu++20";
				CLANG_ENABLE_MODULES = YES;
				CLANG_ENABLE_OBJC_ARC = YES;
				CLANG_ENABLE_OBJC_WEAK = YES;
				CLANG_WARN_BLOCK_CAPTURE_AUTORELEASING = YES;
				CLANG_WARN_BOOL_CONVERSION = YES;
				CLANG_WARN_COMMA = YES;
				CLANG_WARN_CONSTANT_CONVERSION = YES;
				CLANG_WARN_DEPRECATED_OBJC_IMPLEMENTATIONS = YES;
				CLANG_WARN_DIRECT_OBJC_ISA_USAGE = YES_ERROR;
				CLANG_WARN_DOCUMENTATION_COMMENTS = YES;
				CLANG_WARN_EMPTY_BODY = YES;
				CLANG_WARN_ENUM_CONVERSION = YES;
				CLANG_WARN_INFINITE_RECURSION = YES;
				CLANG_WARN_INT_CONVERSION = YES;
				CLANG_WARN_NON_LITERAL_NULL_CONVERSION = YES;
				CLANG_WARN_OBJC_IMPLICIT_RETAIN_SELF = YES;
				CLANG_WARN_OBJC_LITERAL_CONVERSION = YES;
				CLANG_WARN_OBJC_ROOT_CLASS = YES_ERROR;
				CLANG_WARN_QUOTED_INCLUDE_IN_FRAMEWORK_HEADER = YES;
				CLANG_WARN_RANGE_LOOP_ANALYSIS = YES;
				CLANG_WARN_STRICT_PROTOTYPES = YES;
				CLANG_WARN_SUSPICIOUS_MOVE = YES;
				CLANG_WARN_UNGUARDED_AVAILABILITY = YES_AGGRESSIVE;
				CLANG_WARN_UNREACHABLE_CODE = YES;
				CLANG_WARN__DUPLICATE_METHOD_MATCH = YES;
				COPY_PHASE_STRIP = NO;
				DEBUG_INFORMATION_FORMAT = "dwarf-with-dsym";
				ENABLE_NS_ASSERTIONS = NO;
				ENABLE_STRICT_OBJC_MSGSEND = YES;
				ENABLE_USER_SCRIPT_SANDBOXING = YES;
				GCC_C_LANGUAGE_STANDARD = gnu17;
				GCC_NO_COMMON_BLOCKS = YES;
				GCC_WARN_64_TO_32_BIT_CONVERSION = YES;
				GCC_WARN_ABOUT_RETURN_TYPE = YES_ERROR;
				GCC_WARN_UNDECLARED_SELECTOR = YES;
				GCC_WARN_UNINITIALIZED_AUTOS = YES_AGGRESSIVE;
				GCC_WARN_UNUSED_FUNCTION = YES;
				GCC_WARN_UNUSED_VARIABLE = YES;
				IPHONEOS_DEPLOYMENT_TARGET = 17.0;
				LOCALIZATION_PREFERS_STRING_CATALOGS = YES;
				MTL_ENABLE_DEBUG_INFO = NO;
				MTL_FAST_MATH = YES;
				SDKROOT = iphoneos;
				SWIFT_COMPILATION_MODE = wholemodule;
				VALIDATE_PRODUCT = YES;
			};
			name = Release;
		};
		0A69A26A2B9F158B0063E89E /* Debug */ = {
			isa = XCBuildConfiguration;
			buildSettings = {
				ALWAYS_EMBED_SWIFT_STANDARD_LIBRARIES = YES;
				ASSETCATALOG_COMPILER_APPICON_NAME = AppIcon;
				ASSETCATALOG_COMPILER_GLOBAL_ACCENT_COLOR_NAME = AccentColor;
				CODE_SIGN_ENTITLEMENTS = ExampleApp/ExampleApp.entitlements;
				CODE_SIGN_STYLE = Automatic;
				CURRENT_PROJECT_VERSION = 1;
				DEVELOPMENT_TEAM = N39VVWZXXP;
				GENERATE_INFOPLIST_FILE = YES;
				INFOPLIST_FILE = ExampleApp/Info.plist;
				INFOPLIST_KEY_UIApplicationSupportsIndirectInputEvents = YES;
				INFOPLIST_KEY_UILaunchStoryboardName = LaunchScreen;
				INFOPLIST_KEY_UISupportedInterfaceOrientations_iPad = "UIInterfaceOrientationPortrait UIInterfaceOrientationPortraitUpsideDown UIInterfaceOrientationLandscapeLeft UIInterfaceOrientationLandscapeRight";
				INFOPLIST_KEY_UISupportedInterfaceOrientations_iPhone = "UIInterfaceOrientationPortrait UIInterfaceOrientationLandscapeLeft UIInterfaceOrientationLandscapeRight";
				LD_RUNPATH_SEARCH_PATHS = (
					"$(inherited)",
					"@executable_path/Frameworks",
				);
				MARKETING_VERSION = 1.0;
				PRODUCT_BUNDLE_IDENTIFIER = cloud.mindbox.ExampleApp;
				PRODUCT_NAME = "$(TARGET_NAME)";
				SWIFT_EMIT_LOC_STRINGS = YES;
				SWIFT_VERSION = 5.0;
				TARGETED_DEVICE_FAMILY = "1,2";
			};
			name = Debug;
		};
		0A69A26B2B9F158B0063E89E /* Release */ = {
			isa = XCBuildConfiguration;
			buildSettings = {
				ALWAYS_EMBED_SWIFT_STANDARD_LIBRARIES = YES;
				ASSETCATALOG_COMPILER_APPICON_NAME = AppIcon;
				ASSETCATALOG_COMPILER_GLOBAL_ACCENT_COLOR_NAME = AccentColor;
				CODE_SIGN_ENTITLEMENTS = ExampleApp/ExampleApp.entitlements;
				CODE_SIGN_STYLE = Automatic;
				CURRENT_PROJECT_VERSION = 1;
				DEVELOPMENT_TEAM = N39VVWZXXP;
				GENERATE_INFOPLIST_FILE = YES;
				INFOPLIST_FILE = ExampleApp/Info.plist;
				INFOPLIST_KEY_UIApplicationSupportsIndirectInputEvents = YES;
				INFOPLIST_KEY_UILaunchStoryboardName = LaunchScreen;
				INFOPLIST_KEY_UISupportedInterfaceOrientations_iPad = "UIInterfaceOrientationPortrait UIInterfaceOrientationPortraitUpsideDown UIInterfaceOrientationLandscapeLeft UIInterfaceOrientationLandscapeRight";
				INFOPLIST_KEY_UISupportedInterfaceOrientations_iPhone = "UIInterfaceOrientationPortrait UIInterfaceOrientationLandscapeLeft UIInterfaceOrientationLandscapeRight";
				LD_RUNPATH_SEARCH_PATHS = (
					"$(inherited)",
					"@executable_path/Frameworks",
				);
				MARKETING_VERSION = 1.0;
				PRODUCT_BUNDLE_IDENTIFIER = cloud.mindbox.ExampleApp;
				PRODUCT_NAME = "$(TARGET_NAME)";
				SWIFT_EMIT_LOC_STRINGS = YES;
				SWIFT_VERSION = 5.0;
				TARGETED_DEVICE_FAMILY = "1,2";
			};
			name = Release;
		};
		0A69A26D2B9F158B0063E89E /* Debug */ = {
			isa = XCBuildConfiguration;
			buildSettings = {
				ALWAYS_EMBED_SWIFT_STANDARD_LIBRARIES = YES;
				BUNDLE_LOADER = "$(TEST_HOST)";
				CODE_SIGN_STYLE = Automatic;
				CURRENT_PROJECT_VERSION = 1;
				DEVELOPMENT_TEAM = N39VVWZXXP;
				GENERATE_INFOPLIST_FILE = YES;
				IPHONEOS_DEPLOYMENT_TARGET = 17.0;
				MARKETING_VERSION = 1.0;
				PRODUCT_BUNDLE_IDENTIFIER = cloud.mindbox.ExampleAppTests;
				PRODUCT_NAME = "$(TARGET_NAME)";
				SWIFT_EMIT_LOC_STRINGS = NO;
				SWIFT_VERSION = 5.0;
				TARGETED_DEVICE_FAMILY = "1,2";
				TEST_HOST = "$(BUILT_PRODUCTS_DIR)/ExampleApp.app/$(BUNDLE_EXECUTABLE_FOLDER_PATH)/ExampleApp";
			};
			name = Debug;
		};
		0A69A26E2B9F158B0063E89E /* Release */ = {
			isa = XCBuildConfiguration;
			buildSettings = {
				ALWAYS_EMBED_SWIFT_STANDARD_LIBRARIES = YES;
				BUNDLE_LOADER = "$(TEST_HOST)";
				CODE_SIGN_STYLE = Automatic;
				CURRENT_PROJECT_VERSION = 1;
				DEVELOPMENT_TEAM = N39VVWZXXP;
				GENERATE_INFOPLIST_FILE = YES;
				IPHONEOS_DEPLOYMENT_TARGET = 17.0;
				MARKETING_VERSION = 1.0;
				PRODUCT_BUNDLE_IDENTIFIER = cloud.mindbox.ExampleAppTests;
				PRODUCT_NAME = "$(TARGET_NAME)";
				SWIFT_EMIT_LOC_STRINGS = NO;
				SWIFT_VERSION = 5.0;
				TARGETED_DEVICE_FAMILY = "1,2";
				TEST_HOST = "$(BUILT_PRODUCTS_DIR)/ExampleApp.app/$(BUNDLE_EXECUTABLE_FOLDER_PATH)/ExampleApp";
			};
			name = Release;
		};
		0A69A2702B9F158B0063E89E /* Debug */ = {
			isa = XCBuildConfiguration;
			buildSettings = {
				ALWAYS_EMBED_SWIFT_STANDARD_LIBRARIES = YES;
				CODE_SIGN_STYLE = Automatic;
				CURRENT_PROJECT_VERSION = 1;
				DEVELOPMENT_TEAM = N39VVWZXXP;
				GENERATE_INFOPLIST_FILE = YES;
				MARKETING_VERSION = 1.0;
				PRODUCT_BUNDLE_IDENTIFIER = cloud.mindbox.ExampleAppUITests;
				PRODUCT_NAME = "$(TARGET_NAME)";
				SWIFT_EMIT_LOC_STRINGS = NO;
				SWIFT_VERSION = 5.0;
				TARGETED_DEVICE_FAMILY = "1,2";
				TEST_TARGET_NAME = ExampleApp;
			};
			name = Debug;
		};
		0A69A2712B9F158B0063E89E /* Release */ = {
			isa = XCBuildConfiguration;
			buildSettings = {
				ALWAYS_EMBED_SWIFT_STANDARD_LIBRARIES = YES;
				CODE_SIGN_STYLE = Automatic;
				CURRENT_PROJECT_VERSION = 1;
				DEVELOPMENT_TEAM = N39VVWZXXP;
				GENERATE_INFOPLIST_FILE = YES;
				MARKETING_VERSION = 1.0;
				PRODUCT_BUNDLE_IDENTIFIER = cloud.mindbox.ExampleAppUITests;
				PRODUCT_NAME = "$(TARGET_NAME)";
				SWIFT_EMIT_LOC_STRINGS = NO;
				SWIFT_VERSION = 5.0;
				TARGETED_DEVICE_FAMILY = "1,2";
				TEST_TARGET_NAME = ExampleApp;
			};
			name = Release;
		};
/* End XCBuildConfiguration section */

/* Begin XCConfigurationList section */
		0A56027B2BA3417A000A444A /* Build configuration list for PBXNativeTarget "MindboxNotificationServiceExtension" */ = {
			isa = XCConfigurationList;
			buildConfigurations = (
				0A56027C2BA3417A000A444A /* Debug */,
				0A56027D2BA3417A000A444A /* Release */,
			);
			defaultConfigurationIsVisible = 0;
			defaultConfigurationName = Release;
		};
		0A69A23A2B9F15890063E89E /* Build configuration list for PBXProject "ExampleApp" */ = {
			isa = XCConfigurationList;
			buildConfigurations = (
				0A69A2672B9F158B0063E89E /* Debug */,
				0A69A2682B9F158B0063E89E /* Release */,
			);
			defaultConfigurationIsVisible = 0;
			defaultConfigurationName = Release;
		};
		0A69A2692B9F158B0063E89E /* Build configuration list for PBXNativeTarget "ExampleApp" */ = {
			isa = XCConfigurationList;
			buildConfigurations = (
				0A69A26A2B9F158B0063E89E /* Debug */,
				0A69A26B2B9F158B0063E89E /* Release */,
			);
			defaultConfigurationIsVisible = 0;
			defaultConfigurationName = Release;
		};
		0A69A26C2B9F158B0063E89E /* Build configuration list for PBXNativeTarget "ExampleAppTests" */ = {
			isa = XCConfigurationList;
			buildConfigurations = (
				0A69A26D2B9F158B0063E89E /* Debug */,
				0A69A26E2B9F158B0063E89E /* Release */,
			);
			defaultConfigurationIsVisible = 0;
			defaultConfigurationName = Release;
		};
		0A69A26F2B9F158B0063E89E /* Build configuration list for PBXNativeTarget "ExampleAppUITests" */ = {
			isa = XCConfigurationList;
			buildConfigurations = (
				0A69A2702B9F158B0063E89E /* Debug */,
				0A69A2712B9F158B0063E89E /* Release */,
			);
			defaultConfigurationIsVisible = 0;
			defaultConfigurationName = Release;
		};
/* End XCConfigurationList section */

/* Begin XCRemoteSwiftPackageReference section */
		0A69A2722B9F17460063E89E /* XCRemoteSwiftPackageReference "ios-sdk" */ = {
			isa = XCRemoteSwiftPackageReference;
			repositoryURL = "https://github.com/mindbox-cloud/ios-sdk";
			requirement = {
				kind = upToNextMajorVersion;
				minimumVersion = 2.8.3;
			};
		};
/* End XCRemoteSwiftPackageReference section */

/* Begin XCSwiftPackageProductDependency section */
		0A56027F2BA341D8000A444A /* MindboxNotificationsService */ = {
			isa = XCSwiftPackageProductDependency;
			package = 0A69A2722B9F17460063E89E /* XCRemoteSwiftPackageReference "ios-sdk" */;
			productName = MindboxNotificationsService;
		};
		0A69A2732B9F17460063E89E /* Mindbox */ = {
			isa = XCSwiftPackageProductDependency;
			package = 0A69A2722B9F17460063E89E /* XCRemoteSwiftPackageReference "ios-sdk" */;
			productName = Mindbox;
		};
/* End XCSwiftPackageProductDependency section */
	};
	rootObject = 0A69A2372B9F15890063E89E /* Project object */;
}
