// !$*UTF8*$!
{
	archiveVersion = 1;
	classes = {
	};
	objectVersion = 56;
	objects = {

/* Begin PBXBuildFile section */
		0A0DE3482BB8455A00812E73 /* NotificationService.swift in Sources */ = {isa = PBXBuildFile; fileRef = 0A0DE3472BB8455A00812E73 /* NotificationService.swift */; };
		0A0DE34C2BB8455A00812E73 /* MindboxNotificationServiceExtension.appex in Embed Foundation Extensions */ = {isa = PBXBuildFile; fileRef = 0A0DE3452BB8455A00812E73 /* MindboxNotificationServiceExtension.appex */; settings = {ATTRIBUTES = (RemoveHeadersOnCopy, ); }; };
		0A4B681A2BBC82B500639BC5 /* ChooseInAppMessagesDelegate.swift in Sources */ = {isa = PBXBuildFile; fileRef = 0A4B68192BBC82B500639BC5 /* ChooseInAppMessagesDelegate.swift */; };
		0A4B682A2BBD7D5100639BC5 /* LaunchScreen.storyboard in Resources */ = {isa = PBXBuildFile; fileRef = 0A4B68292BBD7D5100639BC5 /* LaunchScreen.storyboard */; };
		0AD271D02BB9D81E00750279 /* UserNotifications.framework in Frameworks */ = {isa = PBXBuildFile; fileRef = 0AD271CF2BB9D81D00750279 /* UserNotifications.framework */; };
		0AD271D22BB9D81E00750279 /* UserNotificationsUI.framework in Frameworks */ = {isa = PBXBuildFile; fileRef = 0AD271D12BB9D81E00750279 /* UserNotificationsUI.framework */; };
		0AD271D52BB9D81E00750279 /* NotificationViewController.swift in Sources */ = {isa = PBXBuildFile; fileRef = 0AD271D42BB9D81E00750279 /* NotificationViewController.swift */; };
		0AD271DC2BB9D81E00750279 /* MindboxNotificationContentExtension.appex in Embed Foundation Extensions */ = {isa = PBXBuildFile; fileRef = 0AD271CE2BB9D81D00750279 /* MindboxNotificationContentExtension.appex */; settings = {ATTRIBUTES = (RemoveHeadersOnCopy, ); }; };
		0AD271E42BBAAA8800750279 /* PrivacyInfo.xcprivacy in Resources */ = {isa = PBXBuildFile; fileRef = 0AD271E32BBAAA8800750279 /* PrivacyInfo.xcprivacy */; };
		0AEDBC7A2BB6F8F200EE8722 /* AppDelegate.swift in Sources */ = {isa = PBXBuildFile; fileRef = 0AEDBC792BB6F8F200EE8722 /* AppDelegate.swift */; };
		0AEDBC7C2BB6F8F200EE8722 /* SceneDelegate.swift in Sources */ = {isa = PBXBuildFile; fileRef = 0AEDBC7B2BB6F8F200EE8722 /* SceneDelegate.swift */; };
		0AEDBC832BB6F8F400EE8722 /* Assets.xcassets in Resources */ = {isa = PBXBuildFile; fileRef = 0AEDBC822BB6F8F400EE8722 /* Assets.xcassets */; };
		0AEDBC922BB6FA4800EE8722 /* MainView.swift in Sources */ = {isa = PBXBuildFile; fileRef = 0AEDBC912BB6FA4800EE8722 /* MainView.swift */; };
		0AEDBC962BB6FE4900EE8722 /* MainViewModel.swift in Sources */ = {isa = PBXBuildFile; fileRef = 0AEDBC952BB6FE4900EE8722 /* MainViewModel.swift */; };
		0AEDBC992BB7058B00EE8722 /* ButtonsView.swift in Sources */ = {isa = PBXBuildFile; fileRef = 0AEDBC982BB7058B00EE8722 /* ButtonsView.swift */; };
		0AEDBC9B2BB70D6E00EE8722 /* SDKDataView.swift in Sources */ = {isa = PBXBuildFile; fileRef = 0AEDBC9A2BB70D6E00EE8722 /* SDKDataView.swift */; };
		43E1C73D7E87903545C2ACBC /* Pods_Example.framework in Frameworks */ = {isa = PBXBuildFile; fileRef = D9AF8ABB9430FE76D72FE17D /* Pods_Example.framework */; };
		474F37A22C16F5A700F38BB0 /* NotificationCenterViewModel.swift in Sources */ = {isa = PBXBuildFile; fileRef = 474F37A12C16F5A700F38BB0 /* NotificationCenterViewModel.swift */; };
		474F37A42C16F5B000F38BB0 /* NotificationCenterView.swift in Sources */ = {isa = PBXBuildFile; fileRef = 474F37A32C16F5B000F38BB0 /* NotificationCenterView.swift */; };
		474F37AE2C170FB600F38BB0 /* NotificationCellView.swift in Sources */ = {isa = PBXBuildFile; fileRef = 474F37AD2C170FB600F38BB0 /* NotificationCellView.swift */; };
		4774807A2C174BAA00580FB2 /* Payload.swift in Sources */ = {isa = PBXBuildFile; fileRef = 477480792C174BAA00580FB2 /* Payload.swift */; };
		4774807D2C174C0A00580FB2 /* Notification.Name+Extensions.swift in Sources */ = {isa = PBXBuildFile; fileRef = 4774807C2C174C0A00580FB2 /* Notification.Name+Extensions.swift */; };
		4774807F2C174C2000580FB2 /* MBPushNotification+Extensions.swift in Sources */ = {isa = PBXBuildFile; fileRef = 4774807E2C174C2000580FB2 /* MBPushNotification+Extensions.swift */; };
		9E3108F96D4F26745D3B37A4 /* Pods_MindboxNotificationServiceExtension.framework in Frameworks */ = {isa = PBXBuildFile; fileRef = 4AF2BFD8ABA97C73F589C5DB /* Pods_MindboxNotificationServiceExtension.framework */; };
		D9585975AC05213E1682C760 /* Pods_MindboxNotificationContentExtension.framework in Frameworks */ = {isa = PBXBuildFile; fileRef = 91EB2315545CE887D05CB505 /* Pods_MindboxNotificationContentExtension.framework */; };
/* End PBXBuildFile section */

/* Begin PBXContainerItemProxy section */
		0A0DE34A2BB8455A00812E73 /* PBXContainerItemProxy */ = {
			isa = PBXContainerItemProxy;
			containerPortal = 0AEDBC6E2BB6F8F200EE8722 /* Project object */;
			proxyType = 1;
			remoteGlobalIDString = 0A0DE3442BB8455A00812E73;
			remoteInfo = MindboxNotificationServiceExtension;
		};
		0AD271DA2BB9D81E00750279 /* PBXContainerItemProxy */ = {
			isa = PBXContainerItemProxy;
			containerPortal = 0AEDBC6E2BB6F8F200EE8722 /* Project object */;
			proxyType = 1;
			remoteGlobalIDString = 0AD271CD2BB9D81D00750279;
			remoteInfo = MindboxNotificationContentExtension;
		};
/* End PBXContainerItemProxy section */

/* Begin PBXCopyFilesBuildPhase section */
		0A0DE34D2BB8455A00812E73 /* Embed Foundation Extensions */ = {
			isa = PBXCopyFilesBuildPhase;
			buildActionMask = 2147483647;
			dstPath = "";
			dstSubfolderSpec = 13;
			files = (
				0A0DE34C2BB8455A00812E73 /* MindboxNotificationServiceExtension.appex in Embed Foundation Extensions */,
				0AD271DC2BB9D81E00750279 /* MindboxNotificationContentExtension.appex in Embed Foundation Extensions */,
			);
			name = "Embed Foundation Extensions";
			runOnlyForDeploymentPostprocessing = 0;
		};
/* End PBXCopyFilesBuildPhase section */

/* Begin PBXFileReference section */
		0A0DE3452BB8455A00812E73 /* MindboxNotificationServiceExtension.appex */ = {isa = PBXFileReference; explicitFileType = "wrapper.app-extension"; includeInIndex = 0; path = MindboxNotificationServiceExtension.appex; sourceTree = BUILT_PRODUCTS_DIR; };
		0A0DE3472BB8455A00812E73 /* NotificationService.swift */ = {isa = PBXFileReference; lastKnownFileType = sourcecode.swift; path = NotificationService.swift; sourceTree = "<group>"; };
		0A0DE3492BB8455A00812E73 /* Info.plist */ = {isa = PBXFileReference; lastKnownFileType = text.plist.xml; path = Info.plist; sourceTree = "<group>"; };
		0A0DE3512BB8457100812E73 /* MindboxNotificationServiceExtension.entitlements */ = {isa = PBXFileReference; lastKnownFileType = text.plist.entitlements; path = MindboxNotificationServiceExtension.entitlements; sourceTree = "<group>"; };
		0A4B68192BBC82B500639BC5 /* ChooseInAppMessagesDelegate.swift */ = {isa = PBXFileReference; lastKnownFileType = sourcecode.swift; path = ChooseInAppMessagesDelegate.swift; sourceTree = "<group>"; };
		0A4B68292BBD7D5100639BC5 /* LaunchScreen.storyboard */ = {isa = PBXFileReference; lastKnownFileType = file.storyboard; path = LaunchScreen.storyboard; sourceTree = "<group>"; };
		0AD271CE2BB9D81D00750279 /* MindboxNotificationContentExtension.appex */ = {isa = PBXFileReference; explicitFileType = "wrapper.app-extension"; includeInIndex = 0; path = MindboxNotificationContentExtension.appex; sourceTree = BUILT_PRODUCTS_DIR; };
		0AD271CF2BB9D81D00750279 /* UserNotifications.framework */ = {isa = PBXFileReference; lastKnownFileType = wrapper.framework; name = UserNotifications.framework; path = System/Library/Frameworks/UserNotifications.framework; sourceTree = SDKROOT; };
		0AD271D12BB9D81E00750279 /* UserNotificationsUI.framework */ = {isa = PBXFileReference; lastKnownFileType = wrapper.framework; name = UserNotificationsUI.framework; path = System/Library/Frameworks/UserNotificationsUI.framework; sourceTree = SDKROOT; };
		0AD271D42BB9D81E00750279 /* NotificationViewController.swift */ = {isa = PBXFileReference; lastKnownFileType = sourcecode.swift; path = NotificationViewController.swift; sourceTree = "<group>"; };
		0AD271D92BB9D81E00750279 /* Info.plist */ = {isa = PBXFileReference; lastKnownFileType = text.plist.xml; path = Info.plist; sourceTree = "<group>"; };
		0AD271E02BB9D84800750279 /* MindboxNotificationContentExtension.entitlements */ = {isa = PBXFileReference; lastKnownFileType = text.plist.entitlements; path = MindboxNotificationContentExtension.entitlements; sourceTree = "<group>"; };
		0AD271E32BBAAA8800750279 /* PrivacyInfo.xcprivacy */ = {isa = PBXFileReference; lastKnownFileType = text.xml; path = PrivacyInfo.xcprivacy; sourceTree = "<group>"; };
		0AEDBC762BB6F8F200EE8722 /* Example.app */ = {isa = PBXFileReference; explicitFileType = wrapper.application; includeInIndex = 0; path = Example.app; sourceTree = BUILT_PRODUCTS_DIR; };
		0AEDBC792BB6F8F200EE8722 /* AppDelegate.swift */ = {isa = PBXFileReference; lastKnownFileType = sourcecode.swift; path = AppDelegate.swift; sourceTree = "<group>"; };
		0AEDBC7B2BB6F8F200EE8722 /* SceneDelegate.swift */ = {isa = PBXFileReference; lastKnownFileType = sourcecode.swift; path = SceneDelegate.swift; sourceTree = "<group>"; };
		0AEDBC822BB6F8F400EE8722 /* Assets.xcassets */ = {isa = PBXFileReference; lastKnownFileType = folder.assetcatalog; path = Assets.xcassets; sourceTree = "<group>"; };
		0AEDBC872BB6F8F400EE8722 /* Info.plist */ = {isa = PBXFileReference; lastKnownFileType = text.plist.xml; path = Info.plist; sourceTree = "<group>"; };
		0AEDBC912BB6FA4800EE8722 /* MainView.swift */ = {isa = PBXFileReference; lastKnownFileType = sourcecode.swift; path = MainView.swift; sourceTree = "<group>"; };
		0AEDBC952BB6FE4900EE8722 /* MainViewModel.swift */ = {isa = PBXFileReference; lastKnownFileType = sourcecode.swift; path = MainViewModel.swift; sourceTree = "<group>"; };
		0AEDBC982BB7058B00EE8722 /* ButtonsView.swift */ = {isa = PBXFileReference; lastKnownFileType = sourcecode.swift; path = ButtonsView.swift; sourceTree = "<group>"; };
		0AEDBC9A2BB70D6E00EE8722 /* SDKDataView.swift */ = {isa = PBXFileReference; lastKnownFileType = sourcecode.swift; path = SDKDataView.swift; sourceTree = "<group>"; };
		0AEDBC9C2BB7177A00EE8722 /* Example.entitlements */ = {isa = PBXFileReference; lastKnownFileType = text.plist.entitlements; path = Example.entitlements; sourceTree = "<group>"; };
		1B29989833584963EC18BDF2 /* Pods-MindboxNotificationContentExtension.release.xcconfig */ = {isa = PBXFileReference; includeInIndex = 1; lastKnownFileType = text.xcconfig; name = "Pods-MindboxNotificationContentExtension.release.xcconfig"; path = "Target Support Files/Pods-MindboxNotificationContentExtension/Pods-MindboxNotificationContentExtension.release.xcconfig"; sourceTree = "<group>"; };
		474F37A12C16F5A700F38BB0 /* NotificationCenterViewModel.swift */ = {isa = PBXFileReference; lastKnownFileType = sourcecode.swift; path = NotificationCenterViewModel.swift; sourceTree = "<group>"; };
		474F37A32C16F5B000F38BB0 /* NotificationCenterView.swift */ = {isa = PBXFileReference; lastKnownFileType = sourcecode.swift; path = NotificationCenterView.swift; sourceTree = "<group>"; };
		474F37AD2C170FB600F38BB0 /* NotificationCellView.swift */ = {isa = PBXFileReference; lastKnownFileType = sourcecode.swift; path = NotificationCellView.swift; sourceTree = "<group>"; };
		477480792C174BAA00580FB2 /* Payload.swift */ = {isa = PBXFileReference; lastKnownFileType = sourcecode.swift; path = Payload.swift; sourceTree = "<group>"; };
		4774807C2C174C0A00580FB2 /* Notification.Name+Extensions.swift */ = {isa = PBXFileReference; lastKnownFileType = sourcecode.swift; path = "Notification.Name+Extensions.swift"; sourceTree = "<group>"; };
		4774807E2C174C2000580FB2 /* MBPushNotification+Extensions.swift */ = {isa = PBXFileReference; lastKnownFileType = sourcecode.swift; path = "MBPushNotification+Extensions.swift"; sourceTree = "<group>"; };
		4AF2BFD8ABA97C73F589C5DB /* Pods_MindboxNotificationServiceExtension.framework */ = {isa = PBXFileReference; explicitFileType = wrapper.framework; includeInIndex = 0; path = Pods_MindboxNotificationServiceExtension.framework; sourceTree = BUILT_PRODUCTS_DIR; };
		4C06401BC9C282DDDDADEA9D /* Pods-Example.release.xcconfig */ = {isa = PBXFileReference; includeInIndex = 1; lastKnownFileType = text.xcconfig; name = "Pods-Example.release.xcconfig"; path = "Target Support Files/Pods-Example/Pods-Example.release.xcconfig"; sourceTree = "<group>"; };
		91EB2315545CE887D05CB505 /* Pods_MindboxNotificationContentExtension.framework */ = {isa = PBXFileReference; explicitFileType = wrapper.framework; includeInIndex = 0; path = Pods_MindboxNotificationContentExtension.framework; sourceTree = BUILT_PRODUCTS_DIR; };
		98B661C604DA022990E36545 /* Pods-MindboxNotificationContentExtension.debug.xcconfig */ = {isa = PBXFileReference; includeInIndex = 1; lastKnownFileType = text.xcconfig; name = "Pods-MindboxNotificationContentExtension.debug.xcconfig"; path = "Target Support Files/Pods-MindboxNotificationContentExtension/Pods-MindboxNotificationContentExtension.debug.xcconfig"; sourceTree = "<group>"; };
		D9AF8ABB9430FE76D72FE17D /* Pods_Example.framework */ = {isa = PBXFileReference; explicitFileType = wrapper.framework; includeInIndex = 0; path = Pods_Example.framework; sourceTree = BUILT_PRODUCTS_DIR; };
		ED36675A98FBA2841D35F798 /* Pods-MindboxNotificationServiceExtension.debug.xcconfig */ = {isa = PBXFileReference; includeInIndex = 1; lastKnownFileType = text.xcconfig; name = "Pods-MindboxNotificationServiceExtension.debug.xcconfig"; path = "Target Support Files/Pods-MindboxNotificationServiceExtension/Pods-MindboxNotificationServiceExtension.debug.xcconfig"; sourceTree = "<group>"; };
		EE69A6D9C5531199626259C7 /* Pods-Example.debug.xcconfig */ = {isa = PBXFileReference; includeInIndex = 1; lastKnownFileType = text.xcconfig; name = "Pods-Example.debug.xcconfig"; path = "Target Support Files/Pods-Example/Pods-Example.debug.xcconfig"; sourceTree = "<group>"; };
		FED8635B0CDC35B398DE425B /* Pods-MindboxNotificationServiceExtension.release.xcconfig */ = {isa = PBXFileReference; includeInIndex = 1; lastKnownFileType = text.xcconfig; name = "Pods-MindboxNotificationServiceExtension.release.xcconfig"; path = "Target Support Files/Pods-MindboxNotificationServiceExtension/Pods-MindboxNotificationServiceExtension.release.xcconfig"; sourceTree = "<group>"; };
/* End PBXFileReference section */

/* Begin PBXFrameworksBuildPhase section */
		0A0DE3422BB8455A00812E73 /* Frameworks */ = {
			isa = PBXFrameworksBuildPhase;
			buildActionMask = 2147483647;
			files = (
				9E3108F96D4F26745D3B37A4 /* Pods_MindboxNotificationServiceExtension.framework in Frameworks */,
			);
			runOnlyForDeploymentPostprocessing = 0;
		};
		0AD271CB2BB9D81D00750279 /* Frameworks */ = {
			isa = PBXFrameworksBuildPhase;
			buildActionMask = 2147483647;
			files = (
				0AD271D22BB9D81E00750279 /* UserNotificationsUI.framework in Frameworks */,
				0AD271D02BB9D81E00750279 /* UserNotifications.framework in Frameworks */,
				D9585975AC05213E1682C760 /* Pods_MindboxNotificationContentExtension.framework in Frameworks */,
			);
			runOnlyForDeploymentPostprocessing = 0;
		};
		0AEDBC732BB6F8F200EE8722 /* Frameworks */ = {
			isa = PBXFrameworksBuildPhase;
			buildActionMask = 2147483647;
			files = (
				43E1C73D7E87903545C2ACBC /* Pods_Example.framework in Frameworks */,
			);
			runOnlyForDeploymentPostprocessing = 0;
		};
/* End PBXFrameworksBuildPhase section */

/* Begin PBXGroup section */
		0A0DE3462BB8455A00812E73 /* MindboxNotificationServiceExtension */ = {
			isa = PBXGroup;
			children = (
				0A0DE3512BB8457100812E73 /* MindboxNotificationServiceExtension.entitlements */,
				0A0DE3472BB8455A00812E73 /* NotificationService.swift */,
				0A0DE3492BB8455A00812E73 /* Info.plist */,
			);
			path = MindboxNotificationServiceExtension;
			sourceTree = "<group>";
		};
		0AD271D32BB9D81E00750279 /* MindboxNotificationContentExtension */ = {
			isa = PBXGroup;
			children = (
				0AD271E02BB9D84800750279 /* MindboxNotificationContentExtension.entitlements */,
				0AD271D42BB9D81E00750279 /* NotificationViewController.swift */,
				0AD271D92BB9D81E00750279 /* Info.plist */,
			);
			path = MindboxNotificationContentExtension;
			sourceTree = "<group>";
		};
		0AEDBC6D2BB6F8F200EE8722 = {
			isa = PBXGroup;
			children = (
				0AEDBC782BB6F8F200EE8722 /* Example */,
				0A0DE3462BB8455A00812E73 /* MindboxNotificationServiceExtension */,
				0AD271D32BB9D81E00750279 /* MindboxNotificationContentExtension */,
				0AEDBC772BB6F8F200EE8722 /* Products */,
				D07217A390B79F6F292D4AFC /* Pods */,
				52C896E46FFA4E326FC946A8 /* Frameworks */,
			);
			sourceTree = "<group>";
		};
		0AEDBC772BB6F8F200EE8722 /* Products */ = {
			isa = PBXGroup;
			children = (
				0AEDBC762BB6F8F200EE8722 /* Example.app */,
				0A0DE3452BB8455A00812E73 /* MindboxNotificationServiceExtension.appex */,
				0AD271CE2BB9D81D00750279 /* MindboxNotificationContentExtension.appex */,
			);
			name = Products;
			sourceTree = "<group>";
		};
		0AEDBC782BB6F8F200EE8722 /* Example */ = {
			isa = PBXGroup;
			children = (
				0AEDBC9C2BB7177A00EE8722 /* Example.entitlements */,
				0AEDBC792BB6F8F200EE8722 /* AppDelegate.swift */,
				0AEDBC7B2BB6F8F200EE8722 /* SceneDelegate.swift */,
				0AD271E32BBAAA8800750279 /* PrivacyInfo.xcprivacy */,
				0AEDBC822BB6F8F400EE8722 /* Assets.xcassets */,
				0A4B68292BBD7D5100639BC5 /* LaunchScreen.storyboard */,
				0AEDBC872BB6F8F400EE8722 /* Info.plist */,
				474F37AF2C1710BB00F38BB0 /* Models */,
				0AEDBC9D2BB71FC600EE8722 /* Views */,
				0AEDBC9E2BB71FD700EE8722 /* ViewModels */,
				4774807B2C174BD900580FB2 /* Extensions */,
			);
			path = Example;
			sourceTree = "<group>";
		};
		0AEDBC972BB7050F00EE8722 /* CustomViews */ = {
			isa = PBXGroup;
			children = (
				0AEDBC982BB7058B00EE8722 /* ButtonsView.swift */,
				0AEDBC9A2BB70D6E00EE8722 /* SDKDataView.swift */,
			);
			path = CustomViews;
			sourceTree = "<group>";
		};
		0AEDBC9D2BB71FC600EE8722 /* Views */ = {
			isa = PBXGroup;
			children = (
				0AEDBC972BB7050F00EE8722 /* CustomViews */,
				474F37AC2C170FA600F38BB0 /* NotificationCenterViews */,
				0AEDBC912BB6FA4800EE8722 /* MainView.swift */,
			);
			path = Views;
			sourceTree = "<group>";
		};
		0AEDBC9E2BB71FD700EE8722 /* ViewModels */ = {
			isa = PBXGroup;
			children = (
				477480842C1760BE00580FB2 /* ChooseInAppMessagesDelegate */,
				0AEDBC952BB6FE4900EE8722 /* MainViewModel.swift */,
				474F37A12C16F5A700F38BB0 /* NotificationCenterViewModel.swift */,
			);
			path = ViewModels;
			sourceTree = "<group>";
		};
		474F37AC2C170FA600F38BB0 /* NotificationCenterViews */ = {
			isa = PBXGroup;
			children = (
				474F37AD2C170FB600F38BB0 /* NotificationCellView.swift */,
				474F37A32C16F5B000F38BB0 /* NotificationCenterView.swift */,
			);
			path = NotificationCenterViews;
			sourceTree = "<group>";
		};
		474F37AF2C1710BB00F38BB0 /* Models */ = {
			isa = PBXGroup;
			children = (
				477480792C174BAA00580FB2 /* Payload.swift */,
			);
			path = Models;
			sourceTree = "<group>";
		};
		4774807B2C174BD900580FB2 /* Extensions */ = {
			isa = PBXGroup;
			children = (
				4774807C2C174C0A00580FB2 /* Notification.Name+Extensions.swift */,
				4774807E2C174C2000580FB2 /* MBPushNotification+Extensions.swift */,
			);
			path = Extensions;
			sourceTree = "<group>";
		};
		477480842C1760BE00580FB2 /* ChooseInAppMessagesDelegate */ = {
			isa = PBXGroup;
			children = (
				0A4B68192BBC82B500639BC5 /* ChooseInAppMessagesDelegate.swift */,
			);
			path = ChooseInAppMessagesDelegate;
			sourceTree = "<group>";
		};
		52C896E46FFA4E326FC946A8 /* Frameworks */ = {
			isa = PBXGroup;
			children = (
				0AD271CF2BB9D81D00750279 /* UserNotifications.framework */,
				0AD271D12BB9D81E00750279 /* UserNotificationsUI.framework */,
				D9AF8ABB9430FE76D72FE17D /* Pods_Example.framework */,
				91EB2315545CE887D05CB505 /* Pods_MindboxNotificationContentExtension.framework */,
				4AF2BFD8ABA97C73F589C5DB /* Pods_MindboxNotificationServiceExtension.framework */,
			);
			name = Frameworks;
			sourceTree = "<group>";
		};
		D07217A390B79F6F292D4AFC /* Pods */ = {
			isa = PBXGroup;
			children = (
				EE69A6D9C5531199626259C7 /* Pods-Example.debug.xcconfig */,
				4C06401BC9C282DDDDADEA9D /* Pods-Example.release.xcconfig */,
				98B661C604DA022990E36545 /* Pods-MindboxNotificationContentExtension.debug.xcconfig */,
				1B29989833584963EC18BDF2 /* Pods-MindboxNotificationContentExtension.release.xcconfig */,
				ED36675A98FBA2841D35F798 /* Pods-MindboxNotificationServiceExtension.debug.xcconfig */,
				FED8635B0CDC35B398DE425B /* Pods-MindboxNotificationServiceExtension.release.xcconfig */,
			);
			path = Pods;
			sourceTree = "<group>";
		};
/* End PBXGroup section */

/* Begin PBXNativeTarget section */
		0A0DE3442BB8455A00812E73 /* MindboxNotificationServiceExtension */ = {
			isa = PBXNativeTarget;
			buildConfigurationList = 0A0DE3502BB8455A00812E73 /* Build configuration list for PBXNativeTarget "MindboxNotificationServiceExtension" */;
			buildPhases = (
				B7B24093D38D92301E296825 /* [CP] Check Pods Manifest.lock */,
				0A0DE3412BB8455A00812E73 /* Sources */,
				0A0DE3422BB8455A00812E73 /* Frameworks */,
				0A0DE3432BB8455A00812E73 /* Resources */,
			);
			buildRules = (
			);
			dependencies = (
			);
			name = MindboxNotificationServiceExtension;
			productName = MindboxNotificationServiceExtension;
			productReference = 0A0DE3452BB8455A00812E73 /* MindboxNotificationServiceExtension.appex */;
			productType = "com.apple.product-type.app-extension";
		};
		0AD271CD2BB9D81D00750279 /* MindboxNotificationContentExtension */ = {
			isa = PBXNativeTarget;
			buildConfigurationList = 0AD271DF2BB9D81E00750279 /* Build configuration list for PBXNativeTarget "MindboxNotificationContentExtension" */;
			buildPhases = (
				329A78FBC74175587E16D3B8 /* [CP] Check Pods Manifest.lock */,
				0AD271CA2BB9D81D00750279 /* Sources */,
				0AD271CB2BB9D81D00750279 /* Frameworks */,
				0AD271CC2BB9D81D00750279 /* Resources */,
			);
			buildRules = (
			);
			dependencies = (
			);
			name = MindboxNotificationContentExtension;
			productName = MindboxNotificationContentExtension;
			productReference = 0AD271CE2BB9D81D00750279 /* MindboxNotificationContentExtension.appex */;
			productType = "com.apple.product-type.app-extension";
		};
		0AEDBC752BB6F8F200EE8722 /* Example */ = {
			isa = PBXNativeTarget;
			buildConfigurationList = 0AEDBC8A2BB6F8F400EE8722 /* Build configuration list for PBXNativeTarget "Example" */;
			buildPhases = (
				55EB7B86C51269267A62C674 /* [CP] Check Pods Manifest.lock */,
				0AEDBC722BB6F8F200EE8722 /* Sources */,
				0AEDBC732BB6F8F200EE8722 /* Frameworks */,
				0AEDBC742BB6F8F200EE8722 /* Resources */,
				0A0DE34D2BB8455A00812E73 /* Embed Foundation Extensions */,
				4AE040A30AF262E286C28F73 /* [CP] Embed Pods Frameworks */,
			);
			buildRules = (
			);
			dependencies = (
				0A0DE34B2BB8455A00812E73 /* PBXTargetDependency */,
				0AD271DB2BB9D81E00750279 /* PBXTargetDependency */,
			);
			name = Example;
			productName = Example;
			productReference = 0AEDBC762BB6F8F200EE8722 /* Example.app */;
			productType = "com.apple.product-type.application";
		};
/* End PBXNativeTarget section */

/* Begin PBXProject section */
		0AEDBC6E2BB6F8F200EE8722 /* Project object */ = {
			isa = PBXProject;
			attributes = {
				BuildIndependentTargetsInParallel = 1;
				LastSwiftUpdateCheck = 1530;
				LastUpgradeCheck = 1530;
				ORGANIZATIONNAME = Mindbox;
				TargetAttributes = {
					0A0DE3442BB8455A00812E73 = {
						CreatedOnToolsVersion = 15.3;
					};
					0AD271CD2BB9D81D00750279 = {
						CreatedOnToolsVersion = 15.3;
					};
					0AEDBC752BB6F8F200EE8722 = {
						CreatedOnToolsVersion = 15.3;
					};
				};
			};
			buildConfigurationList = 0AEDBC712BB6F8F200EE8722 /* Build configuration list for PBXProject "Example" */;
			compatibilityVersion = "Xcode 14.0";
			developmentRegion = en;
			hasScannedForEncodings = 0;
			knownRegions = (
				en,
				Base,
			);
			mainGroup = 0AEDBC6D2BB6F8F200EE8722;
			productRefGroup = 0AEDBC772BB6F8F200EE8722 /* Products */;
			projectDirPath = "";
			projectRoot = "";
			targets = (
				0AEDBC752BB6F8F200EE8722 /* Example */,
				0A0DE3442BB8455A00812E73 /* MindboxNotificationServiceExtension */,
				0AD271CD2BB9D81D00750279 /* MindboxNotificationContentExtension */,
			);
		};
/* End PBXProject section */

/* Begin PBXResourcesBuildPhase section */
		0A0DE3432BB8455A00812E73 /* Resources */ = {
			isa = PBXResourcesBuildPhase;
			buildActionMask = 2147483647;
			files = (
			);
			runOnlyForDeploymentPostprocessing = 0;
		};
		0AD271CC2BB9D81D00750279 /* Resources */ = {
			isa = PBXResourcesBuildPhase;
			buildActionMask = 2147483647;
			files = (
			);
			runOnlyForDeploymentPostprocessing = 0;
		};
		0AEDBC742BB6F8F200EE8722 /* Resources */ = {
			isa = PBXResourcesBuildPhase;
			buildActionMask = 2147483647;
			files = (
				0A4B682A2BBD7D5100639BC5 /* LaunchScreen.storyboard in Resources */,
				0AD271E42BBAAA8800750279 /* PrivacyInfo.xcprivacy in Resources */,
				0AEDBC832BB6F8F400EE8722 /* Assets.xcassets in Resources */,
			);
			runOnlyForDeploymentPostprocessing = 0;
		};
/* End PBXResourcesBuildPhase section */

/* Begin PBXShellScriptBuildPhase section */
		329A78FBC74175587E16D3B8 /* [CP] Check Pods Manifest.lock */ = {
			isa = PBXShellScriptBuildPhase;
			buildActionMask = 2147483647;
			files = (
			);
			inputFileListPaths = (
			);
			inputPaths = (
				"${PODS_PODFILE_DIR_PATH}/Podfile.lock",
				"${PODS_ROOT}/Manifest.lock",
			);
			name = "[CP] Check Pods Manifest.lock";
			outputFileListPaths = (
			);
			outputPaths = (
				"$(DERIVED_FILE_DIR)/Pods-MindboxNotificationContentExtension-checkManifestLockResult.txt",
			);
			runOnlyForDeploymentPostprocessing = 0;
			shellPath = /bin/sh;
			shellScript = "diff \"${PODS_PODFILE_DIR_PATH}/Podfile.lock\" \"${PODS_ROOT}/Manifest.lock\" > /dev/null\nif [ $? != 0 ] ; then\n    # print error to STDERR\n    echo \"error: The sandbox is not in sync with the Podfile.lock. Run 'pod install' or update your CocoaPods installation.\" >&2\n    exit 1\nfi\n# This output is used by Xcode 'outputs' to avoid re-running this script phase.\necho \"SUCCESS\" > \"${SCRIPT_OUTPUT_FILE_0}\"\n";
			showEnvVarsInLog = 0;
		};
		4AE040A30AF262E286C28F73 /* [CP] Embed Pods Frameworks */ = {
			isa = PBXShellScriptBuildPhase;
			buildActionMask = 2147483647;
			files = (
			);
			inputFileListPaths = (
				"${PODS_ROOT}/Target Support Files/Pods-Example/Pods-Example-frameworks-${CONFIGURATION}-input-files.xcfilelist",
			);
			name = "[CP] Embed Pods Frameworks";
			outputFileListPaths = (
				"${PODS_ROOT}/Target Support Files/Pods-Example/Pods-Example-frameworks-${CONFIGURATION}-output-files.xcfilelist",
			);
			runOnlyForDeploymentPostprocessing = 0;
			shellPath = /bin/sh;
			shellScript = "\"${PODS_ROOT}/Target Support Files/Pods-Example/Pods-Example-frameworks.sh\"\n";
			showEnvVarsInLog = 0;
		};
		55EB7B86C51269267A62C674 /* [CP] Check Pods Manifest.lock */ = {
			isa = PBXShellScriptBuildPhase;
			buildActionMask = 2147483647;
			files = (
			);
			inputFileListPaths = (
			);
			inputPaths = (
				"${PODS_PODFILE_DIR_PATH}/Podfile.lock",
				"${PODS_ROOT}/Manifest.lock",
			);
			name = "[CP] Check Pods Manifest.lock";
			outputFileListPaths = (
			);
			outputPaths = (
				"$(DERIVED_FILE_DIR)/Pods-Example-checkManifestLockResult.txt",
			);
			runOnlyForDeploymentPostprocessing = 0;
			shellPath = /bin/sh;
			shellScript = "diff \"${PODS_PODFILE_DIR_PATH}/Podfile.lock\" \"${PODS_ROOT}/Manifest.lock\" > /dev/null\nif [ $? != 0 ] ; then\n    # print error to STDERR\n    echo \"error: The sandbox is not in sync with the Podfile.lock. Run 'pod install' or update your CocoaPods installation.\" >&2\n    exit 1\nfi\n# This output is used by Xcode 'outputs' to avoid re-running this script phase.\necho \"SUCCESS\" > \"${SCRIPT_OUTPUT_FILE_0}\"\n";
			showEnvVarsInLog = 0;
		};
		B7B24093D38D92301E296825 /* [CP] Check Pods Manifest.lock */ = {
			isa = PBXShellScriptBuildPhase;
			buildActionMask = 2147483647;
			files = (
			);
			inputFileListPaths = (
			);
			inputPaths = (
				"${PODS_PODFILE_DIR_PATH}/Podfile.lock",
				"${PODS_ROOT}/Manifest.lock",
			);
			name = "[CP] Check Pods Manifest.lock";
			outputFileListPaths = (
			);
			outputPaths = (
				"$(DERIVED_FILE_DIR)/Pods-MindboxNotificationServiceExtension-checkManifestLockResult.txt",
			);
			runOnlyForDeploymentPostprocessing = 0;
			shellPath = /bin/sh;
			shellScript = "diff \"${PODS_PODFILE_DIR_PATH}/Podfile.lock\" \"${PODS_ROOT}/Manifest.lock\" > /dev/null\nif [ $? != 0 ] ; then\n    # print error to STDERR\n    echo \"error: The sandbox is not in sync with the Podfile.lock. Run 'pod install' or update your CocoaPods installation.\" >&2\n    exit 1\nfi\n# This output is used by Xcode 'outputs' to avoid re-running this script phase.\necho \"SUCCESS\" > \"${SCRIPT_OUTPUT_FILE_0}\"\n";
			showEnvVarsInLog = 0;
		};
/* End PBXShellScriptBuildPhase section */

/* Begin PBXSourcesBuildPhase section */
		0A0DE3412BB8455A00812E73 /* Sources */ = {
			isa = PBXSourcesBuildPhase;
			buildActionMask = 2147483647;
			files = (
				0A0DE3482BB8455A00812E73 /* NotificationService.swift in Sources */,
			);
			runOnlyForDeploymentPostprocessing = 0;
		};
		0AD271CA2BB9D81D00750279 /* Sources */ = {
			isa = PBXSourcesBuildPhase;
			buildActionMask = 2147483647;
			files = (
				0AD271D52BB9D81E00750279 /* NotificationViewController.swift in Sources */,
			);
			runOnlyForDeploymentPostprocessing = 0;
		};
		0AEDBC722BB6F8F200EE8722 /* Sources */ = {
			isa = PBXSourcesBuildPhase;
			buildActionMask = 2147483647;
			files = (
				474F37A22C16F5A700F38BB0 /* NotificationCenterViewModel.swift in Sources */,
				0AEDBC7A2BB6F8F200EE8722 /* AppDelegate.swift in Sources */,
				0AEDBC992BB7058B00EE8722 /* ButtonsView.swift in Sources */,
				474F37A42C16F5B000F38BB0 /* NotificationCenterView.swift in Sources */,
				0AEDBC922BB6FA4800EE8722 /* MainView.swift in Sources */,
				474F37AE2C170FB600F38BB0 /* NotificationCellView.swift in Sources */,
				4774807A2C174BAA00580FB2 /* Payload.swift in Sources */,
				0AEDBC962BB6FE4900EE8722 /* MainViewModel.swift in Sources */,
				0AEDBC7C2BB6F8F200EE8722 /* SceneDelegate.swift in Sources */,
				0AEDBC9B2BB70D6E00EE8722 /* SDKDataView.swift in Sources */,
				4774807D2C174C0A00580FB2 /* Notification.Name+Extensions.swift in Sources */,
				0A4B681A2BBC82B500639BC5 /* ChooseInAppMessagesDelegate.swift in Sources */,
				4774807F2C174C2000580FB2 /* MBPushNotification+Extensions.swift in Sources */,
			);
			runOnlyForDeploymentPostprocessing = 0;
		};
/* End PBXSourcesBuildPhase section */

/* Begin PBXTargetDependency section */
		0A0DE34B2BB8455A00812E73 /* PBXTargetDependency */ = {
			isa = PBXTargetDependency;
			target = 0A0DE3442BB8455A00812E73 /* MindboxNotificationServiceExtension */;
			targetProxy = 0A0DE34A2BB8455A00812E73 /* PBXContainerItemProxy */;
		};
		0AD271DB2BB9D81E00750279 /* PBXTargetDependency */ = {
			isa = PBXTargetDependency;
			target = 0AD271CD2BB9D81D00750279 /* MindboxNotificationContentExtension */;
			targetProxy = 0AD271DA2BB9D81E00750279 /* PBXContainerItemProxy */;
		};
/* End PBXTargetDependency section */

/* Begin XCBuildConfiguration section */
		0A0DE34E2BB8455A00812E73 /* Debug */ = {
			isa = XCBuildConfiguration;
			baseConfigurationReference = ED36675A98FBA2841D35F798 /* Pods-MindboxNotificationServiceExtension.debug.xcconfig */;
			buildSettings = {
				CODE_SIGN_ENTITLEMENTS = MindboxNotificationServiceExtension/MindboxNotificationServiceExtension.entitlements;
				CODE_SIGN_STYLE = Automatic;
				CURRENT_PROJECT_VERSION = 1;
				DEVELOPMENT_TEAM = N39VVWZXXP;
				GENERATE_INFOPLIST_FILE = YES;
				INFOPLIST_FILE = MindboxNotificationServiceExtension/Info.plist;
				INFOPLIST_KEY_CFBundleDisplayName = MindboxNotificationServiceExtension;
				INFOPLIST_KEY_NSHumanReadableCopyright = "";
				IPHONEOS_DEPLOYMENT_TARGET = 17.0;
				LD_RUNPATH_SEARCH_PATHS = (
					"$(inherited)",
					"@executable_path/Frameworks",
					"@executable_path/../../Frameworks",
				);
				MARKETING_VERSION = 1.0;
				PRODUCT_BUNDLE_IDENTIFIER = cloud.Mindbox.ReleaseExampleIos.MindboxNotificationServiceExtension;
				PRODUCT_NAME = "$(TARGET_NAME)";
				SKIP_INSTALL = YES;
				SWIFT_EMIT_LOC_STRINGS = YES;
				SWIFT_VERSION = 5.0;
				TARGETED_DEVICE_FAMILY = "1,2";
			};
			name = Debug;
		};
		0A0DE34F2BB8455A00812E73 /* Release */ = {
			isa = XCBuildConfiguration;
			baseConfigurationReference = FED8635B0CDC35B398DE425B /* Pods-MindboxNotificationServiceExtension.release.xcconfig */;
			buildSettings = {
				CODE_SIGN_ENTITLEMENTS = MindboxNotificationServiceExtension/MindboxNotificationServiceExtension.entitlements;
				CODE_SIGN_STYLE = Automatic;
				CURRENT_PROJECT_VERSION = 1;
				DEVELOPMENT_TEAM = N39VVWZXXP;
				GENERATE_INFOPLIST_FILE = YES;
				INFOPLIST_FILE = MindboxNotificationServiceExtension/Info.plist;
				INFOPLIST_KEY_CFBundleDisplayName = MindboxNotificationServiceExtension;
				INFOPLIST_KEY_NSHumanReadableCopyright = "";
				IPHONEOS_DEPLOYMENT_TARGET = 17.0;
				LD_RUNPATH_SEARCH_PATHS = (
					"$(inherited)",
					"@executable_path/Frameworks",
					"@executable_path/../../Frameworks",
				);
				MARKETING_VERSION = 1.0;
				PRODUCT_BUNDLE_IDENTIFIER = cloud.Mindbox.ReleaseExampleIos.MindboxNotificationServiceExtension;
				PRODUCT_NAME = "$(TARGET_NAME)";
				SKIP_INSTALL = YES;
				SWIFT_EMIT_LOC_STRINGS = YES;
				SWIFT_VERSION = 5.0;
				TARGETED_DEVICE_FAMILY = "1,2";
			};
			name = Release;
		};
		0AD271DD2BB9D81E00750279 /* Debug */ = {
			isa = XCBuildConfiguration;
			baseConfigurationReference = 98B661C604DA022990E36545 /* Pods-MindboxNotificationContentExtension.debug.xcconfig */;
			buildSettings = {
				CODE_SIGN_ENTITLEMENTS = MindboxNotificationContentExtension/MindboxNotificationContentExtension.entitlements;
				CODE_SIGN_STYLE = Automatic;
				CURRENT_PROJECT_VERSION = 1;
				DEVELOPMENT_TEAM = N39VVWZXXP;
				GENERATE_INFOPLIST_FILE = YES;
				INFOPLIST_FILE = MindboxNotificationContentExtension/Info.plist;
				INFOPLIST_KEY_CFBundleDisplayName = MindboxNotificationContentExtension;
				INFOPLIST_KEY_NSHumanReadableCopyright = "";
				IPHONEOS_DEPLOYMENT_TARGET = 17.0;
				LD_RUNPATH_SEARCH_PATHS = (
					"$(inherited)",
					"@executable_path/Frameworks",
					"@executable_path/../../Frameworks",
				);
				MARKETING_VERSION = 1.0;
				PRODUCT_BUNDLE_IDENTIFIER = cloud.Mindbox.ReleaseExampleIos.MindboxNotificationContentExtension;
				PRODUCT_NAME = "$(TARGET_NAME)";
				SKIP_INSTALL = YES;
				SWIFT_EMIT_LOC_STRINGS = YES;
				SWIFT_VERSION = 5.0;
				TARGETED_DEVICE_FAMILY = "1,2";
			};
			name = Debug;
		};
		0AD271DE2BB9D81E00750279 /* Release */ = {
			isa = XCBuildConfiguration;
			baseConfigurationReference = 1B29989833584963EC18BDF2 /* Pods-MindboxNotificationContentExtension.release.xcconfig */;
			buildSettings = {
				CODE_SIGN_ENTITLEMENTS = MindboxNotificationContentExtension/MindboxNotificationContentExtension.entitlements;
				CODE_SIGN_STYLE = Automatic;
				CURRENT_PROJECT_VERSION = 1;
				DEVELOPMENT_TEAM = N39VVWZXXP;
				GENERATE_INFOPLIST_FILE = YES;
				INFOPLIST_FILE = MindboxNotificationContentExtension/Info.plist;
				INFOPLIST_KEY_CFBundleDisplayName = MindboxNotificationContentExtension;
				INFOPLIST_KEY_NSHumanReadableCopyright = "";
				IPHONEOS_DEPLOYMENT_TARGET = 17.0;
				LD_RUNPATH_SEARCH_PATHS = (
					"$(inherited)",
					"@executable_path/Frameworks",
					"@executable_path/../../Frameworks",
				);
				MARKETING_VERSION = 1.0;
				PRODUCT_BUNDLE_IDENTIFIER = cloud.Mindbox.ReleaseExampleIos.MindboxNotificationContentExtension;
				PRODUCT_NAME = "$(TARGET_NAME)";
				SKIP_INSTALL = YES;
				SWIFT_EMIT_LOC_STRINGS = YES;
				SWIFT_VERSION = 5.0;
				TARGETED_DEVICE_FAMILY = "1,2";
			};
			name = Release;
		};
		0AEDBC882BB6F8F400EE8722 /* Debug */ = {
			isa = XCBuildConfiguration;
			buildSettings = {
				ALWAYS_SEARCH_USER_PATHS = NO;
				ASSETCATALOG_COMPILER_GENERATE_SWIFT_ASSET_SYMBOL_EXTENSIONS = YES;
				CLANG_ANALYZER_NONNULL = YES;
				CLANG_ANALYZER_NUMBER_OBJECT_CONVERSION = YES_AGGRESSIVE;
				CLANG_CXX_LANGUAGE_STANDARD = "gnu++20";
				CLANG_ENABLE_MODULES = YES;
				CLANG_ENABLE_OBJC_ARC = YES;
				CLANG_ENABLE_OBJC_WEAK = YES;
				CLANG_WARN_BLOCK_CAPTURE_AUTORELEASING = YES;
				CLANG_WARN_BOOL_CONVERSION = YES;
				CLANG_WARN_COMMA = YES;
				CLANG_WARN_CONSTANT_CONVERSION = YES;
				CLANG_WARN_DEPRECATED_OBJC_IMPLEMENTATIONS = YES;
				CLANG_WARN_DIRECT_OBJC_ISA_USAGE = YES_ERROR;
				CLANG_WARN_DOCUMENTATION_COMMENTS = YES;
				CLANG_WARN_EMPTY_BODY = YES;
				CLANG_WARN_ENUM_CONVERSION = YES;
				CLANG_WARN_INFINITE_RECURSION = YES;
				CLANG_WARN_INT_CONVERSION = YES;
				CLANG_WARN_NON_LITERAL_NULL_CONVERSION = YES;
				CLANG_WARN_OBJC_IMPLICIT_RETAIN_SELF = YES;
				CLANG_WARN_OBJC_LITERAL_CONVERSION = YES;
				CLANG_WARN_OBJC_ROOT_CLASS = YES_ERROR;
				CLANG_WARN_QUOTED_INCLUDE_IN_FRAMEWORK_HEADER = YES;
				CLANG_WARN_RANGE_LOOP_ANALYSIS = YES;
				CLANG_WARN_STRICT_PROTOTYPES = YES;
				CLANG_WARN_SUSPICIOUS_MOVE = YES;
				CLANG_WARN_UNGUARDED_AVAILABILITY = YES_AGGRESSIVE;
				CLANG_WARN_UNREACHABLE_CODE = YES;
				CLANG_WARN__DUPLICATE_METHOD_MATCH = YES;
				COPY_PHASE_STRIP = NO;
				DEBUG_INFORMATION_FORMAT = dwarf;
				ENABLE_STRICT_OBJC_MSGSEND = YES;
				ENABLE_TESTABILITY = YES;
				ENABLE_USER_SCRIPT_SANDBOXING = YES;
				GCC_C_LANGUAGE_STANDARD = gnu17;
				GCC_DYNAMIC_NO_PIC = NO;
				GCC_NO_COMMON_BLOCKS = YES;
				GCC_OPTIMIZATION_LEVEL = 0;
				GCC_PREPROCESSOR_DEFINITIONS = (
					"DEBUG=1",
					"$(inherited)",
				);
				GCC_WARN_64_TO_32_BIT_CONVERSION = YES;
				GCC_WARN_ABOUT_RETURN_TYPE = YES_ERROR;
				GCC_WARN_UNDECLARED_SELECTOR = YES;
				GCC_WARN_UNINITIALIZED_AUTOS = YES_AGGRESSIVE;
				GCC_WARN_UNUSED_FUNCTION = YES;
				GCC_WARN_UNUSED_VARIABLE = YES;
				IPHONEOS_DEPLOYMENT_TARGET = 17.0;
				LOCALIZATION_PREFERS_STRING_CATALOGS = YES;
				MTL_ENABLE_DEBUG_INFO = INCLUDE_SOURCE;
				MTL_FAST_MATH = YES;
				ONLY_ACTIVE_ARCH = YES;
				SDKROOT = iphoneos;
				SWIFT_ACTIVE_COMPILATION_CONDITIONS = "DEBUG $(inherited)";
				SWIFT_OPTIMIZATION_LEVEL = "-Onone";
			};
			name = Debug;
		};
		0AEDBC892BB6F8F400EE8722 /* Release */ = {
			isa = XCBuildConfiguration;
			buildSettings = {
				ALWAYS_SEARCH_USER_PATHS = NO;
				ASSETCATALOG_COMPILER_GENERATE_SWIFT_ASSET_SYMBOL_EXTENSIONS = YES;
				CLANG_ANALYZER_NONNULL = YES;
				CLANG_ANALYZER_NUMBER_OBJECT_CONVERSION = YES_AGGRESSIVE;
				CLANG_CXX_LANGUAGE_STANDARD = "gnu++20";
				CLANG_ENABLE_MODULES = YES;
				CLANG_ENABLE_OBJC_ARC = YES;
				CLANG_ENABLE_OBJC_WEAK = YES;
				CLANG_WARN_BLOCK_CAPTURE_AUTORELEASING = YES;
				CLANG_WARN_BOOL_CONVERSION = YES;
				CLANG_WARN_COMMA = YES;
				CLANG_WARN_CONSTANT_CONVERSION = YES;
				CLANG_WARN_DEPRECATED_OBJC_IMPLEMENTATIONS = YES;
				CLANG_WARN_DIRECT_OBJC_ISA_USAGE = YES_ERROR;
				CLANG_WARN_DOCUMENTATION_COMMENTS = YES;
				CLANG_WARN_EMPTY_BODY = YES;
				CLANG_WARN_ENUM_CONVERSION = YES;
				CLANG_WARN_INFINITE_RECURSION = YES;
				CLANG_WARN_INT_CONVERSION = YES;
				CLANG_WARN_NON_LITERAL_NULL_CONVERSION = YES;
				CLANG_WARN_OBJC_IMPLICIT_RETAIN_SELF = YES;
				CLANG_WARN_OBJC_LITERAL_CONVERSION = YES;
				CLANG_WARN_OBJC_ROOT_CLASS = YES_ERROR;
				CLANG_WARN_QUOTED_INCLUDE_IN_FRAMEWORK_HEADER = YES;
				CLANG_WARN_RANGE_LOOP_ANALYSIS = YES;
				CLANG_WARN_STRICT_PROTOTYPES = YES;
				CLANG_WARN_SUSPICIOUS_MOVE = YES;
				CLANG_WARN_UNGUARDED_AVAILABILITY = YES_AGGRESSIVE;
				CLANG_WARN_UNREACHABLE_CODE = YES;
				CLANG_WARN__DUPLICATE_METHOD_MATCH = YES;
				COPY_PHASE_STRIP = NO;
				DEBUG_INFORMATION_FORMAT = "dwarf-with-dsym";
				ENABLE_NS_ASSERTIONS = NO;
				ENABLE_STRICT_OBJC_MSGSEND = YES;
				ENABLE_USER_SCRIPT_SANDBOXING = YES;
				GCC_C_LANGUAGE_STANDARD = gnu17;
				GCC_NO_COMMON_BLOCKS = YES;
				GCC_WARN_64_TO_32_BIT_CONVERSION = YES;
				GCC_WARN_ABOUT_RETURN_TYPE = YES_ERROR;
				GCC_WARN_UNDECLARED_SELECTOR = YES;
				GCC_WARN_UNINITIALIZED_AUTOS = YES_AGGRESSIVE;
				GCC_WARN_UNUSED_FUNCTION = YES;
				GCC_WARN_UNUSED_VARIABLE = YES;
				IPHONEOS_DEPLOYMENT_TARGET = 17.0;
				LOCALIZATION_PREFERS_STRING_CATALOGS = YES;
				MTL_ENABLE_DEBUG_INFO = NO;
				MTL_FAST_MATH = YES;
				SDKROOT = iphoneos;
				SWIFT_COMPILATION_MODE = wholemodule;
				VALIDATE_PRODUCT = YES;
			};
			name = Release;
		};
		0AEDBC8B2BB6F8F400EE8722 /* Debug */ = {
			isa = XCBuildConfiguration;
			baseConfigurationReference = EE69A6D9C5531199626259C7 /* Pods-Example.debug.xcconfig */;
			buildSettings = {
				ALWAYS_EMBED_SWIFT_STANDARD_LIBRARIES = YES;
				ASSETCATALOG_COMPILER_APPICON_NAME = AppIcon;
				ASSETCATALOG_COMPILER_GLOBAL_ACCENT_COLOR_NAME = AccentColor;
				CODE_SIGN_ENTITLEMENTS = Example/Example.entitlements;
				CODE_SIGN_STYLE = Automatic;
				CURRENT_PROJECT_VERSION = 1;
				DEVELOPMENT_TEAM = N39VVWZXXP;
				ENABLE_USER_SCRIPT_SANDBOXING = NO;
				GENERATE_INFOPLIST_FILE = YES;
				INFOPLIST_FILE = Example/Info.plist;
				INFOPLIST_KEY_UIApplicationSupportsIndirectInputEvents = YES;
				INFOPLIST_KEY_UILaunchStoryboardName = LaunchScreen.storyboard;
				INFOPLIST_KEY_UISupportedInterfaceOrientations_iPad = "UIInterfaceOrientationPortrait UIInterfaceOrientationPortraitUpsideDown UIInterfaceOrientationLandscapeLeft UIInterfaceOrientationLandscapeRight";
				INFOPLIST_KEY_UISupportedInterfaceOrientations_iPhone = "UIInterfaceOrientationPortrait UIInterfaceOrientationLandscapeLeft UIInterfaceOrientationLandscapeRight";
				IPHONEOS_DEPLOYMENT_TARGET = 17.0;
				LD_RUNPATH_SEARCH_PATHS = (
					"$(inherited)",
					"@executable_path/Frameworks",
				);
				MARKETING_VERSION = 1.0;
				PRODUCT_BUNDLE_IDENTIFIER = cloud.Mindbox.ReleaseExampleIos;
				PRODUCT_NAME = "$(TARGET_NAME)";
				SWIFT_EMIT_LOC_STRINGS = YES;
				SWIFT_VERSION = 5.0;
				TARGETED_DEVICE_FAMILY = "1,2";
			};
			name = Debug;
		};
		0AEDBC8C2BB6F8F400EE8722 /* Release */ = {
			isa = XCBuildConfiguration;
			baseConfigurationReference = 4C06401BC9C282DDDDADEA9D /* Pods-Example.release.xcconfig */;
			buildSettings = {
				ALWAYS_EMBED_SWIFT_STANDARD_LIBRARIES = YES;
				ASSETCATALOG_COMPILER_APPICON_NAME = AppIcon;
				ASSETCATALOG_COMPILER_GLOBAL_ACCENT_COLOR_NAME = AccentColor;
				CODE_SIGN_ENTITLEMENTS = Example/Example.entitlements;
				CODE_SIGN_STYLE = Automatic;
				CURRENT_PROJECT_VERSION = 1;
				DEVELOPMENT_TEAM = N39VVWZXXP;
				ENABLE_USER_SCRIPT_SANDBOXING = NO;
				GENERATE_INFOPLIST_FILE = YES;
				INFOPLIST_FILE = Example/Info.plist;
				INFOPLIST_KEY_UIApplicationSupportsIndirectInputEvents = YES;
				INFOPLIST_KEY_UILaunchStoryboardName = LaunchScreen.storyboard;
				INFOPLIST_KEY_UISupportedInterfaceOrientations_iPad = "UIInterfaceOrientationPortrait UIInterfaceOrientationPortraitUpsideDown UIInterfaceOrientationLandscapeLeft UIInterfaceOrientationLandscapeRight";
				INFOPLIST_KEY_UISupportedInterfaceOrientations_iPhone = "UIInterfaceOrientationPortrait UIInterfaceOrientationLandscapeLeft UIInterfaceOrientationLandscapeRight";
				IPHONEOS_DEPLOYMENT_TARGET = 17.0;
				LD_RUNPATH_SEARCH_PATHS = (
					"$(inherited)",
					"@executable_path/Frameworks",
				);
				MARKETING_VERSION = 1.0;
				PRODUCT_BUNDLE_IDENTIFIER = cloud.Mindbox.ReleaseExampleIos;
				PRODUCT_NAME = "$(TARGET_NAME)";
				SWIFT_EMIT_LOC_STRINGS = YES;
				SWIFT_VERSION = 5.0;
				TARGETED_DEVICE_FAMILY = "1,2";
			};
			name = Release;
		};
/* End XCBuildConfiguration section */

/* Begin XCConfigurationList section */
		0A0DE3502BB8455A00812E73 /* Build configuration list for PBXNativeTarget "MindboxNotificationServiceExtension" */ = {
			isa = XCConfigurationList;
			buildConfigurations = (
				0A0DE34E2BB8455A00812E73 /* Debug */,
				0A0DE34F2BB8455A00812E73 /* Release */,
			);
			defaultConfigurationIsVisible = 0;
			defaultConfigurationName = Release;
		};
		0AD271DF2BB9D81E00750279 /* Build configuration list for PBXNativeTarget "MindboxNotificationContentExtension" */ = {
			isa = XCConfigurationList;
			buildConfigurations = (
				0AD271DD2BB9D81E00750279 /* Debug */,
				0AD271DE2BB9D81E00750279 /* Release */,
			);
			defaultConfigurationIsVisible = 0;
			defaultConfigurationName = Release;
		};
		0AEDBC712BB6F8F200EE8722 /* Build configuration list for PBXProject "Example" */ = {
			isa = XCConfigurationList;
			buildConfigurations = (
				0AEDBC882BB6F8F400EE8722 /* Debug */,
				0AEDBC892BB6F8F400EE8722 /* Release */,
			);
			defaultConfigurationIsVisible = 0;
			defaultConfigurationName = Release;
		};
		0AEDBC8A2BB6F8F400EE8722 /* Build configuration list for PBXNativeTarget "Example" */ = {
			isa = XCConfigurationList;
			buildConfigurations = (
				0AEDBC8B2BB6F8F400EE8722 /* Debug */,
				0AEDBC8C2BB6F8F400EE8722 /* Release */,
			);
			defaultConfigurationIsVisible = 0;
			defaultConfigurationName = Release;
		};
/* End XCConfigurationList section */
	};
	rootObject = 0AEDBC6E2BB6F8F200EE8722 /* Project object */;
}
