{
  "originHash" : "fb228b659fdfe11092cea654e698f84ff7c0ba272949f07c57317d9c19a29775",
  "pins" : [
    {
      "identity" : "ios-sdk",
      "kind" : "remoteSourceControl",
      "location" : "https://github.com/mindbox-cloud/ios-sdk",
      "state" : {
        "revision" : "8e63056c69f365e999e7f1684c24fa4acb1a6f39",
        "version" : "2.8.3"
      }
    }
  ],
  "version" : 3
}
